// !$*UTF8*$!
{
	archiveVersion = 1;
	classes = {
	};
	objectVersion = 46;
	objects = {

/* Begin PBXBuildFile section */
		6904B0D81FFD2EED000B64F3 /* ServerTunnelConnection.swift in Sources */ = {isa = PBXBuildFile; fileRef = 69BE2E701FFD20210078845A /* ServerTunnelConnection.swift */; };
		6904B0D91FFD2EF0000B64F3 /* Tunnel.swift in Sources */ = {isa = PBXBuildFile; fileRef = 69BE2E7A1FFD252C0078845A /* Tunnel.swift */; };
		6904B0DA1FFD2F1D000B64F3 /* SFSocket.framework in Frameworks */ = {isa = PBXBuildFile; fileRef = 69B954F21DDF81CF006AF669 /* SFSocket.framework */; };
		6904B0DB1FFD2F1D000B64F3 /* SFSocket.framework in Embed Frameworks */ = {isa = PBXBuildFile; fileRef = 69B954F21DDF81CF006AF669 /* SFSocket.framework */; settings = {ATTRIBUTES = (CodeSignOnCopy, RemoveHeadersOnCopy, ); }; };
		6904B0DF1FFD3567000B64F3 /* VLog.swift in Sources */ = {isa = PBXBuildFile; fileRef = 6904B0DE1FFD3567000B64F3 /* VLog.swift */; };
		6904B0E01FFD363C000B64F3 /* UDPManager.swift in Sources */ = {isa = PBXBuildFile; fileRef = 69BE2E6B1FFC8CAA0078845A /* UDPManager.swift */; };
		6904B0E21FFD36B6000B64F3 /* NEPacketTunnelProvider+Extension.swift in Sources */ = {isa = PBXBuildFile; fileRef = 698F37851E97334200F98C90 /* NEPacketTunnelProvider+Extension.swift */; };
		6904B0E41FFDBC22000B64F3 /* Connection.swift in Sources */ = {isa = PBXBuildFile; fileRef = 6904B0E31FFDBC22000B64F3 /* Connection.swift */; };
		6904B0E81FFDBCAD000B64F3 /* util.swift in Sources */ = {isa = PBXBuildFile; fileRef = 6904B0E71FFDBCAD000B64F3 /* util.swift */; };
		6904B0EA1FFDBCCE000B64F3 /* ClientTunnel.swift in Sources */ = {isa = PBXBuildFile; fileRef = 6904B0E91FFDBCCE000B64F3 /* ClientTunnel.swift */; };
		6904B0EC1FFDBD2E000B64F3 /* ServerTunnel.swift in Sources */ = {isa = PBXBuildFile; fileRef = 6904B0EB1FFDBD2E000B64F3 /* ServerTunnel.swift */; };
		6904B0EE1FFDBD58000B64F3 /* ServerConfiguration.swift in Sources */ = {isa = PBXBuildFile; fileRef = 6904B0ED1FFDBD58000B64F3 /* ServerConfiguration.swift */; };
		6904B0F01FFDBD6D000B64F3 /* AddressPool.swift in Sources */ = {isa = PBXBuildFile; fileRef = 6904B0EF1FFDBD6D000B64F3 /* AddressPool.swift */; };
		6904B0F21FFDBDA6000B64F3 /* config.plist in Resources */ = {isa = PBXBuildFile; fileRef = 6904B0F11FFDBDA5000B64F3 /* config.plist */; };
		6904B0F41FFDBE00000B64F3 /* ServerConnection.swift in Sources */ = {isa = PBXBuildFile; fileRef = 6904B0F31FFDBE00000B64F3 /* ServerConnection.swift */; };
		6904B0F61FFDBE0B000B64F3 /* UDPServerConnection.swift in Sources */ = {isa = PBXBuildFile; fileRef = 6904B0F51FFDBE0B000B64F3 /* UDPServerConnection.swift */; };
		6904B0F81FFDC184000B64F3 /* VPNServer.swift in Sources */ = {isa = PBXBuildFile; fileRef = 6904B0F71FFDC184000B64F3 /* VPNServer.swift */; };
		6904B1051FFDCE83000B64F3 /* main.swift in Sources */ = {isa = PBXBuildFile; fileRef = 6904B1041FFDCE83000B64F3 /* main.swift */; };
		6904B10A1FFDCEA6000B64F3 /* VLog.swift in Sources */ = {isa = PBXBuildFile; fileRef = 6904B0DE1FFD3567000B64F3 /* VLog.swift */; };
		6904B10B1FFDCEA8000B64F3 /* UDPServerConnection.swift in Sources */ = {isa = PBXBuildFile; fileRef = 6904B0F51FFDBE0B000B64F3 /* UDPServerConnection.swift */; };
		6904B10C1FFDCEAD000B64F3 /* AddressPool.swift in Sources */ = {isa = PBXBuildFile; fileRef = 6904B0EF1FFDBD6D000B64F3 /* AddressPool.swift */; };
		6904B10D1FFDCEB0000B64F3 /* ServerTunnel.swift in Sources */ = {isa = PBXBuildFile; fileRef = 6904B0EB1FFDBD2E000B64F3 /* ServerTunnel.swift */; };
		6904B10E1FFDCEB3000B64F3 /* ServerConfiguration.swift in Sources */ = {isa = PBXBuildFile; fileRef = 6904B0ED1FFDBD58000B64F3 /* ServerConfiguration.swift */; };
		6904B10F1FFDCEB7000B64F3 /* ServerTunnelConnection.swift in Sources */ = {isa = PBXBuildFile; fileRef = 69BE2E701FFD20210078845A /* ServerTunnelConnection.swift */; };
		6904B1101FFDCEBA000B64F3 /* ServerConnection.swift in Sources */ = {isa = PBXBuildFile; fileRef = 6904B0F31FFDBE00000B64F3 /* ServerConnection.swift */; };
		6904B1111FFDCEBD000B64F3 /* util.swift in Sources */ = {isa = PBXBuildFile; fileRef = 6904B0E71FFDBCAD000B64F3 /* util.swift */; };
		6904B1121FFDCEC1000B64F3 /* Connection.swift in Sources */ = {isa = PBXBuildFile; fileRef = 6904B0E31FFDBC22000B64F3 /* Connection.swift */; };
		6904B1131FFDCEC3000B64F3 /* Tunnel.swift in Sources */ = {isa = PBXBuildFile; fileRef = 69BE2E7A1FFD252C0078845A /* Tunnel.swift */; };
		6904B1141FFDCEC7000B64F3 /* ClientTunnel.swift in Sources */ = {isa = PBXBuildFile; fileRef = 6904B0E91FFDBCCE000B64F3 /* ClientTunnel.swift */; };
		69116B171E968157007C2FBA /* SFOpt.swift in Sources */ = {isa = PBXBuildFile; fileRef = 69116B161E968157007C2FBA /* SFOpt.swift */; };
		69116B181E968157007C2FBA /* SFOpt.swift in Sources */ = {isa = PBXBuildFile; fileRef = 69116B161E968157007C2FBA /* SFOpt.swift */; };
		69116B241E9681BB007C2FBA /* SFHTTPConnection.swift in Sources */ = {isa = PBXBuildFile; fileRef = 69116B1F1E9681BB007C2FBA /* SFHTTPConnection.swift */; };
		69116B251E9681BB007C2FBA /* SFHTTPConnection.swift in Sources */ = {isa = PBXBuildFile; fileRef = 69116B1F1E9681BB007C2FBA /* SFHTTPConnection.swift */; };
		69116B261E9681BB007C2FBA /* SFHTTPRequest.swift in Sources */ = {isa = PBXBuildFile; fileRef = 69116B201E9681BB007C2FBA /* SFHTTPRequest.swift */; };
		69116B271E9681BB007C2FBA /* SFHTTPRequest.swift in Sources */ = {isa = PBXBuildFile; fileRef = 69116B201E9681BB007C2FBA /* SFHTTPRequest.swift */; };
		69116B281E9681BB007C2FBA /* SFHTTPSConnection.swift in Sources */ = {isa = PBXBuildFile; fileRef = 69116B211E9681BB007C2FBA /* SFHTTPSConnection.swift */; };
		69116B291E9681BB007C2FBA /* SFHTTPSConnection.swift in Sources */ = {isa = PBXBuildFile; fileRef = 69116B211E9681BB007C2FBA /* SFHTTPSConnection.swift */; };
		69116B2A1E9681BB007C2FBA /* SFTCPConnection.swift in Sources */ = {isa = PBXBuildFile; fileRef = 69116B221E9681BB007C2FBA /* SFTCPConnection.swift */; };
		69116B2B1E9681BB007C2FBA /* SFTCPConnection.swift in Sources */ = {isa = PBXBuildFile; fileRef = 69116B221E9681BB007C2FBA /* SFTCPConnection.swift */; };
		69116B2C1E9681BB007C2FBA /* SFTCPConnectionManager.swift in Sources */ = {isa = PBXBuildFile; fileRef = 69116B231E9681BB007C2FBA /* SFTCPConnectionManager.swift */; };
		69116B2D1E9681BB007C2FBA /* SFTCPConnectionManager.swift in Sources */ = {isa = PBXBuildFile; fileRef = 69116B231E9681BB007C2FBA /* SFTCPConnectionManager.swift */; };
		69116B2F1E96823E007C2FBA /* TCPManagerProtocol.swift in Sources */ = {isa = PBXBuildFile; fileRef = 69116B2E1E96823E007C2FBA /* TCPManagerProtocol.swift */; };
		69116B301E96823E007C2FBA /* TCPManagerProtocol.swift in Sources */ = {isa = PBXBuildFile; fileRef = 69116B2E1E96823E007C2FBA /* TCPManagerProtocol.swift */; };
		69116B381E968749007C2FBA /* SKit.swift in Sources */ = {isa = PBXBuildFile; fileRef = 69116B371E968749007C2FBA /* SKit.swift */; };
		69116B391E968749007C2FBA /* SKit.swift in Sources */ = {isa = PBXBuildFile; fileRef = 69116B371E968749007C2FBA /* SKit.swift */; };
		69116B3B1E9695F4007C2FBA /* RequestHelper.swift in Sources */ = {isa = PBXBuildFile; fileRef = 69116B3A1E9695F4007C2FBA /* RequestHelper.swift */; };
		69116B3C1E9695F4007C2FBA /* RequestHelper.swift in Sources */ = {isa = PBXBuildFile; fileRef = 69116B3A1E9695F4007C2FBA /* RequestHelper.swift */; };
		692128561E9CBA6C00560DEC /* NetworkExtension.framework in Frameworks */ = {isa = PBXBuildFile; fileRef = 692128551E9CBA6C00560DEC /* NetworkExtension.framework */; };
		6928061A1EFA7B79007FCF6A /* SFSocket.framework in Frameworks */ = {isa = PBXBuildFile; fileRef = 69B954F21DDF81CF006AF669 /* SFSocket.framework */; };
		6928061B1EFA7B79007FCF6A /* SFSocket.framework in Embed Frameworks */ = {isa = PBXBuildFile; fileRef = 69B954F21DDF81CF006AF669 /* SFSocket.framework */; settings = {ATTRIBUTES = (CodeSignOnCopy, RemoveHeadersOnCopy, ); }; };
		692DD5AC1DD5CE310079493D /* UDPDirectStack.swift in Sources */ = {isa = PBXBuildFile; fileRef = 692DD5AB1DD5CE310079493D /* UDPDirectStack.swift */; };
		692DD5AE1DD5CE490079493D /* IPStackProtocol.swift in Sources */ = {isa = PBXBuildFile; fileRef = 692DD5AD1DD5CE490079493D /* IPStackProtocol.swift */; };
		692DD5B01DD5CE620079493D /* IPPacket.swift in Sources */ = {isa = PBXBuildFile; fileRef = 692DD5AF1DD5CE620079493D /* IPPacket.swift */; };
		692DD5B21DD5CE920079493D /* PacketProtocolParser.swift in Sources */ = {isa = PBXBuildFile; fileRef = 692DD5B11DD5CE920079493D /* PacketProtocolParser.swift */; };
		692DD5B41DD5CEA30079493D /* ConnectRequest.swift in Sources */ = {isa = PBXBuildFile; fileRef = 692DD5B31DD5CEA30079493D /* ConnectRequest.swift */; };
		692DD5B81DD5CF120079493D /* Checksum.swift in Sources */ = {isa = PBXBuildFile; fileRef = 692DD5B71DD5CF120079493D /* Checksum.swift */; };
		694144B91FDE3E1100F73C5A /* Default.conf in Resources */ = {isa = PBXBuildFile; fileRef = 694144B81FDE3E1000F73C5A /* Default.conf */; };
		694144BA1FDE3E1100F73C5A /* Default.conf in Resources */ = {isa = PBXBuildFile; fileRef = 694144B81FDE3E1000F73C5A /* Default.conf */; };
		694719881EE528F60059BEF8 /* AppDelegate.swift in Sources */ = {isa = PBXBuildFile; fileRef = 694719871EE528F60059BEF8 /* AppDelegate.swift */; };
		6947198A1EE528F60059BEF8 /* ViewController.swift in Sources */ = {isa = PBXBuildFile; fileRef = 694719891EE528F60059BEF8 /* ViewController.swift */; };
		6947198C1EE528F60059BEF8 /* Assets.xcassets in Resources */ = {isa = PBXBuildFile; fileRef = 6947198B1EE528F60059BEF8 /* Assets.xcassets */; };
		6947198F1EE528F60059BEF8 /* Main.storyboard in Resources */ = {isa = PBXBuildFile; fileRef = 6947198D1EE528F60059BEF8 /* Main.storyboard */; };
		695F6E4F1E900E1A00C72E5E /* DNSCache.swift in Sources */ = {isa = PBXBuildFile; fileRef = 695F6E321E900E1A00C72E5E /* DNSCache.swift */; };
		695F6E501E900E1A00C72E5E /* DNSCache.swift in Sources */ = {isa = PBXBuildFile; fileRef = 695F6E321E900E1A00C72E5E /* DNSCache.swift */; };
		695F6E511E900E1A00C72E5E /* DNSPacket.swift in Sources */ = {isa = PBXBuildFile; fileRef = 695F6E331E900E1A00C72E5E /* DNSPacket.swift */; };
		695F6E521E900E1A00C72E5E /* DNSPacket.swift in Sources */ = {isa = PBXBuildFile; fileRef = 695F6E331E900E1A00C72E5E /* DNSPacket.swift */; };
		695F6E551E900E1A00C72E5E /* DNSServer.swift in Sources */ = {isa = PBXBuildFile; fileRef = 695F6E351E900E1A00C72E5E /* DNSServer.swift */; };
		695F6E561E900E1A00C72E5E /* DNSServer.swift in Sources */ = {isa = PBXBuildFile; fileRef = 695F6E351E900E1A00C72E5E /* DNSServer.swift */; };
		695F6E591E900E1A00C72E5E /* IPv4Packet.swift in Sources */ = {isa = PBXBuildFile; fileRef = 695F6E371E900E1A00C72E5E /* IPv4Packet.swift */; };
		695F6E5A1E900E1A00C72E5E /* IPv4Packet.swift in Sources */ = {isa = PBXBuildFile; fileRef = 695F6E371E900E1A00C72E5E /* IPv4Packet.swift */; };
		695F6E5D1E900E1A00C72E5E /* Regex.swift in Sources */ = {isa = PBXBuildFile; fileRef = 695F6E391E900E1A00C72E5E /* Regex.swift */; };
		695F6E5E1E900E1A00C72E5E /* Regex.swift in Sources */ = {isa = PBXBuildFile; fileRef = 695F6E391E900E1A00C72E5E /* Regex.swift */; };
		695F6E5F1E900E1A00C72E5E /* SFConnection.swift in Sources */ = {isa = PBXBuildFile; fileRef = 695F6E3A1E900E1A00C72E5E /* SFConnection.swift */; };
		695F6E601E900E1A00C72E5E /* SFConnection.swift in Sources */ = {isa = PBXBuildFile; fileRef = 695F6E3A1E900E1A00C72E5E /* SFConnection.swift */; };
		695F6E611E900E1A00C72E5E /* SFDNSForwarder.swift in Sources */ = {isa = PBXBuildFile; fileRef = 695F6E3B1E900E1A00C72E5E /* SFDNSForwarder.swift */; };
		695F6E621E900E1A00C72E5E /* SFDNSForwarder.swift in Sources */ = {isa = PBXBuildFile; fileRef = 695F6E3B1E900E1A00C72E5E /* SFDNSForwarder.swift */; };
		695F6E631E900E1A00C72E5E /* SFDNSManager.swift in Sources */ = {isa = PBXBuildFile; fileRef = 695F6E3C1E900E1A00C72E5E /* SFDNSManager.swift */; };
		695F6E641E900E1A00C72E5E /* SFDNSManager.swift in Sources */ = {isa = PBXBuildFile; fileRef = 695F6E3C1E900E1A00C72E5E /* SFDNSManager.swift */; };
		695F6E671E900E1A00C72E5E /* SFFunc.swift in Sources */ = {isa = PBXBuildFile; fileRef = 695F6E3E1E900E1A00C72E5E /* SFFunc.swift */; };
		695F6E681E900E1A00C72E5E /* SFFunc.swift in Sources */ = {isa = PBXBuildFile; fileRef = 695F6E3E1E900E1A00C72E5E /* SFFunc.swift */; };
		695F6E751E900E1A00C72E5E /* SFTunConst.swift in Sources */ = {isa = PBXBuildFile; fileRef = 695F6E451E900E1A00C72E5E /* SFTunConst.swift */; };
		695F6E761E900E1A00C72E5E /* SFTunConst.swift in Sources */ = {isa = PBXBuildFile; fileRef = 695F6E451E900E1A00C72E5E /* SFTunConst.swift */; };
		695F6E7B1E900E1A00C72E5E /* SFTunUtility.swift in Sources */ = {isa = PBXBuildFile; fileRef = 695F6E481E900E1A00C72E5E /* SFTunUtility.swift */; };
		695F6E7C1E900E1A00C72E5E /* SFTunUtility.swift in Sources */ = {isa = PBXBuildFile; fileRef = 695F6E481E900E1A00C72E5E /* SFTunUtility.swift */; };
		695F6E7D1E900E1A00C72E5E /* SFUDPConnector.swift in Sources */ = {isa = PBXBuildFile; fileRef = 695F6E491E900E1A00C72E5E /* SFUDPConnector.swift */; };
		695F6E7E1E900E1A00C72E5E /* SFUDPConnector.swift in Sources */ = {isa = PBXBuildFile; fileRef = 695F6E491E900E1A00C72E5E /* SFUDPConnector.swift */; };
		695F6E7F1E900E1A00C72E5E /* SFUDPForwarder.swift in Sources */ = {isa = PBXBuildFile; fileRef = 695F6E4A1E900E1A00C72E5E /* SFUDPForwarder.swift */; };
		695F6E801E900E1A00C72E5E /* SFUDPForwarder.swift in Sources */ = {isa = PBXBuildFile; fileRef = 695F6E4A1E900E1A00C72E5E /* SFUDPForwarder.swift */; };
		695F6E871E900E1A00C72E5E /* UDPPacket.swift in Sources */ = {isa = PBXBuildFile; fileRef = 695F6E4E1E900E1A00C72E5E /* UDPPacket.swift */; };
		695F6E881E900E1A00C72E5E /* UDPPacket.swift in Sources */ = {isa = PBXBuildFile; fileRef = 695F6E4E1E900E1A00C72E5E /* UDPPacket.swift */; };
		696FACE9200B1FDA00DCFC07 /* Tunmanager.swift in Sources */ = {isa = PBXBuildFile; fileRef = 696FACE8200B1FDA00DCFC07 /* Tunmanager.swift */; };
		697044BB2029D57500BFB642 /* util.swift in Sources */ = {isa = PBXBuildFile; fileRef = 6904B0E71FFDBCAD000B64F3 /* util.swift */; };
		697DF07A1FFDEF9600C6A64C /* PacketProcessor.swift in Sources */ = {isa = PBXBuildFile; fileRef = 697DF0791FFDEF9600C6A64C /* PacketProcessor.swift */; };
		697DF07B1FFDEF9600C6A64C /* PacketProcessor.swift in Sources */ = {isa = PBXBuildFile; fileRef = 697DF0791FFDEF9600C6A64C /* PacketProcessor.swift */; };
		697DF07D1FFDF56100C6A64C /* PacketProcessorProtocol.swift in Sources */ = {isa = PBXBuildFile; fileRef = 697DF07C1FFDF56100C6A64C /* PacketProcessorProtocol.swift */; };
		697DF07E1FFDF56100C6A64C /* PacketProcessorProtocol.swift in Sources */ = {isa = PBXBuildFile; fileRef = 697DF07C1FFDF56100C6A64C /* PacketProcessorProtocol.swift */; };
		697DF0A41FFF59E900C6A64C /* Opt.swift in Sources */ = {isa = PBXBuildFile; fileRef = 69A0D2771DD5975800227353 /* Opt.swift */; };
		698F37861E97334200F98C90 /* NEPacketTunnelProvider+Extension.swift in Sources */ = {isa = PBXBuildFile; fileRef = 698F37851E97334200F98C90 /* NEPacketTunnelProvider+Extension.swift */; };
		6994E0171DEFBE9E009394F9 /* Rule.swift in Sources */ = {isa = PBXBuildFile; fileRef = 6994E0161DEFBE9E009394F9 /* Rule.swift */; };
		6994E0181DEFBE9E009394F9 /* Rule.swift in Sources */ = {isa = PBXBuildFile; fileRef = 6994E0161DEFBE9E009394F9 /* Rule.swift */; };
		6994E01A1DEFBEB6009394F9 /* DNSSessionMatchType.swift in Sources */ = {isa = PBXBuildFile; fileRef = 6994E0191DEFBEB6009394F9 /* DNSSessionMatchType.swift */; };
		6994E01B1DEFBEB6009394F9 /* DNSSessionMatchType.swift in Sources */ = {isa = PBXBuildFile; fileRef = 6994E0191DEFBEB6009394F9 /* DNSSessionMatchType.swift */; };
		69A0D2761DD5971A00227353 /* StreamScanner.swift in Sources */ = {isa = PBXBuildFile; fileRef = 69A0D2751DD5971A00227353 /* StreamScanner.swift */; };
		69A0D2781DD5975800227353 /* Opt.swift in Sources */ = {isa = PBXBuildFile; fileRef = 69A0D2771DD5975800227353 /* Opt.swift */; };
		69B911621EB8C0200096DE58 /* HTTPTester.swift in Sources */ = {isa = PBXBuildFile; fileRef = 69B911611EB8C0200096DE58 /* HTTPTester.swift */; };
		69B954F61DDF81CF006AF669 /* SFSocket.h in Headers */ = {isa = PBXBuildFile; fileRef = 69B954F41DDF81CF006AF669 /* SFSocket.h */; settings = {ATTRIBUTES = (Public, ); }; };
		69B955011DDF81FB006AF669 /* Checksum.swift in Sources */ = {isa = PBXBuildFile; fileRef = 692DD5B71DD5CF120079493D /* Checksum.swift */; };
		69B955031DDF8201006AF669 /* IPPacket.swift in Sources */ = {isa = PBXBuildFile; fileRef = 692DD5AF1DD5CE620079493D /* IPPacket.swift */; };
		69B955071DDF820F006AF669 /* PacketProtocolParser.swift in Sources */ = {isa = PBXBuildFile; fileRef = 692DD5B11DD5CE920079493D /* PacketProtocolParser.swift */; };
		69B955081DDF8212006AF669 /* IPStackProtocol.swift in Sources */ = {isa = PBXBuildFile; fileRef = 692DD5AD1DD5CE490079493D /* IPStackProtocol.swift */; };
		69B955091DDF8216006AF669 /* UDPDirectStack.swift in Sources */ = {isa = PBXBuildFile; fileRef = 692DD5AB1DD5CE310079493D /* UDPDirectStack.swift */; };
		69BCD1F21F56A81700D05C62 /* TestVC.swift in Sources */ = {isa = PBXBuildFile; fileRef = 69BCD1F11F56A81700D05C62 /* TestVC.swift */; };
		69BE2E6C1FFC8CAA0078845A /* UDPManager.swift in Sources */ = {isa = PBXBuildFile; fileRef = 69BE2E6B1FFC8CAA0078845A /* UDPManager.swift */; };
		69BE2E831FFD28BA0078845A /* AppDelegate.swift in Sources */ = {isa = PBXBuildFile; fileRef = 69BE2E821FFD28BA0078845A /* AppDelegate.swift */; };
		69BE2E851FFD28BA0078845A /* VPNViewController.swift in Sources */ = {isa = PBXBuildFile; fileRef = 69BE2E841FFD28BA0078845A /* VPNViewController.swift */; };
		69BE2E871FFD28BA0078845A /* Assets.xcassets in Resources */ = {isa = PBXBuildFile; fileRef = 69BE2E861FFD28BA0078845A /* Assets.xcassets */; };
		69BE2E8A1FFD28BA0078845A /* Main.storyboard in Resources */ = {isa = PBXBuildFile; fileRef = 69BE2E881FFD28BA0078845A /* Main.storyboard */; };
		69BF6C561DE57E74000ABF09 /* Atomic.swift in Sources */ = {isa = PBXBuildFile; fileRef = 69BF6C551DE57E74000ABF09 /* Atomic.swift */; };
		69BF6C571DE57E74000ABF09 /* Atomic.swift in Sources */ = {isa = PBXBuildFile; fileRef = 69BF6C551DE57E74000ABF09 /* Atomic.swift */; };
		69BF6C621DE57F7B000ABF09 /* HTTPHeader.swift in Sources */ = {isa = PBXBuildFile; fileRef = 69BF6C611DE57F7B000ABF09 /* HTTPHeader.swift */; };
		69BF6C631DE57F7B000ABF09 /* HTTPHeader.swift in Sources */ = {isa = PBXBuildFile; fileRef = 69BF6C611DE57F7B000ABF09 /* HTTPHeader.swift */; };
		69BF6C651DE57FCA000ABF09 /* HTTPStreamScanner.swift in Sources */ = {isa = PBXBuildFile; fileRef = 69BF6C641DE57FCA000ABF09 /* HTTPStreamScanner.swift */; };
		69BF6C661DE57FCA000ABF09 /* HTTPStreamScanner.swift in Sources */ = {isa = PBXBuildFile; fileRef = 69BF6C641DE57FCA000ABF09 /* HTTPStreamScanner.swift */; };
		69BF6C681DE57FDB000ABF09 /* Utils.swift in Sources */ = {isa = PBXBuildFile; fileRef = 69BF6C671DE57FDB000ABF09 /* Utils.swift */; };
		69C1ED761DF5A4DD0019AFFC /* DNSSessionMatchResult.swift in Sources */ = {isa = PBXBuildFile; fileRef = 69C1ED751DF5A4DD0019AFFC /* DNSSessionMatchResult.swift */; };
		69C1ED771DF5A4DD0019AFFC /* DNSSessionMatchResult.swift in Sources */ = {isa = PBXBuildFile; fileRef = 69C1ED751DF5A4DD0019AFFC /* DNSSessionMatchResult.swift */; };
		69C298931DD593FF00E4C3BD /* SFSocket.h in Headers */ = {isa = PBXBuildFile; fileRef = 69C298911DD593FF00E4C3BD /* SFSocket.h */; settings = {ATTRIBUTES = (Public, ); }; };
		69CC44791EB199A8002C10DC /* BinaryConvertible.swift in Sources */ = {isa = PBXBuildFile; fileRef = 69CC44781EB199A8002C10DC /* BinaryConvertible.swift */; };
		69E470AF1E67AADE00AE11FB /* SocksTest.swift in Sources */ = {isa = PBXBuildFile; fileRef = 69E470AE1E67AADE00AE11FB /* SocksTest.swift */; };
		69F745791F4C07AD00A39C30 /* ConnectRequest.swift in Sources */ = {isa = PBXBuildFile; fileRef = 692DD5B31DD5CEA30079493D /* ConnectRequest.swift */; };
		69F7457A1F4C07B800A39C30 /* Utils.swift in Sources */ = {isa = PBXBuildFile; fileRef = 69BF6C671DE57FDB000ABF09 /* Utils.swift */; };
		69FC1B001DDBFAB000EF8AAC /* AppDelegate.swift in Sources */ = {isa = PBXBuildFile; fileRef = 69FC1AFF1DDBFAB000EF8AAC /* AppDelegate.swift */; };
		69FC1B021DDBFAB000EF8AAC /* ViewController.swift in Sources */ = {isa = PBXBuildFile; fileRef = 69FC1B011DDBFAB000EF8AAC /* ViewController.swift */; };
		69FC1B051DDBFAB000EF8AAC /* Main.storyboard in Resources */ = {isa = PBXBuildFile; fileRef = 69FC1B031DDBFAB000EF8AAC /* Main.storyboard */; };
		69FC1B071DDBFAB000EF8AAC /* Assets.xcassets in Resources */ = {isa = PBXBuildFile; fileRef = 69FC1B061DDBFAB000EF8AAC /* Assets.xcassets */; };
		69FC1B0A1DDBFAB000EF8AAC /* LaunchScreen.storyboard in Resources */ = {isa = PBXBuildFile; fileRef = 69FC1B081DDBFAB000EF8AAC /* LaunchScreen.storyboard */; };
		69FC1B111DDBFADE00EF8AAC /* SFSocket.framework in Frameworks */ = {isa = PBXBuildFile; fileRef = 69C2988E1DD593FF00E4C3BD /* SFSocket.framework */; };
		69FC1B161DDBFCF400EF8AAC /* SFSocket.framework in CopyFiles */ = {isa = PBXBuildFile; fileRef = 69C2988E1DD593FF00E4C3BD /* SFSocket.framework */; settings = {ATTRIBUTES = (CodeSignOnCopy, RemoveHeadersOnCopy, ); }; };
/* End PBXBuildFile section */

/* Begin PBXContainerItemProxy section */
		6904B0DC1FFD2F1D000B64F3 /* PBXContainerItemProxy */ = {
			isa = PBXContainerItemProxy;
			containerPortal = 69C298851DD593FF00E4C3BD /* Project object */;
			proxyType = 1;
			remoteGlobalIDString = 69B954F11DDF81CF006AF669;
			remoteInfo = SFSocketOSX;
		};
		6928061C1EFA7B79007FCF6A /* PBXContainerItemProxy */ = {
			isa = PBXContainerItemProxy;
			containerPortal = 69C298851DD593FF00E4C3BD /* Project object */;
			proxyType = 1;
			remoteGlobalIDString = 69B954F11DDF81CF006AF669;
			remoteInfo = SFSocketOSX;
		};
		69FC1B1B1DDC00A100EF8AAC /* PBXContainerItemProxy */ = {
			isa = PBXContainerItemProxy;
			containerPortal = 69C298851DD593FF00E4C3BD /* Project object */;
			proxyType = 1;
			remoteGlobalIDString = 69C2988D1DD593FF00E4C3BD;
			remoteInfo = SFSocket;
		};
/* End PBXContainerItemProxy section */

/* Begin PBXCopyFilesBuildPhase section */
		6904B1001FFDCE83000B64F3 /* CopyFiles */ = {
			isa = PBXCopyFilesBuildPhase;
			buildActionMask = 2147483647;
			dstPath = /usr/share/man/man1/;
			dstSubfolderSpec = 0;
			files = (
			);
			runOnlyForDeploymentPostprocessing = 1;
		};
		694719971EE5292E0059BEF8 /* Embed Frameworks */ = {
			isa = PBXCopyFilesBuildPhase;
			buildActionMask = 2147483647;
			dstPath = "";
			dstSubfolderSpec = 10;
			files = (
				6928061B1EFA7B79007FCF6A /* SFSocket.framework in Embed Frameworks */,
			);
			name = "Embed Frameworks";
			runOnlyForDeploymentPostprocessing = 0;
		};
		69BE2E971FFD292A0078845A /* Embed Frameworks */ = {
			isa = PBXCopyFilesBuildPhase;
			buildActionMask = 2147483647;
			dstPath = "";
			dstSubfolderSpec = 10;
			files = (
				6904B0DB1FFD2F1D000B64F3 /* SFSocket.framework in Embed Frameworks */,
			);
			name = "Embed Frameworks";
			runOnlyForDeploymentPostprocessing = 0;
		};
		69FC1B121DDBFAE400EF8AAC /* CopyFiles */ = {
			isa = PBXCopyFilesBuildPhase;
			buildActionMask = 12;
			dstPath = "";
			dstSubfolderSpec = 10;
			files = (
				69FC1B161DDBFCF400EF8AAC /* SFSocket.framework in CopyFiles */,
			);
			runOnlyForDeploymentPostprocessing = 0;
		};
/* End PBXCopyFilesBuildPhase section */

/* Begin PBXFileReference section */
		6904B0DE1FFD3567000B64F3 /* VLog.swift */ = {isa = PBXFileReference; lastKnownFileType = sourcecode.swift; path = VLog.swift; sourceTree = "<group>"; };
		6904B0E31FFDBC22000B64F3 /* Connection.swift */ = {isa = PBXFileReference; fileEncoding = 4; lastKnownFileType = sourcecode.swift; path = Connection.swift; sourceTree = "<group>"; };
		6904B0E71FFDBCAD000B64F3 /* util.swift */ = {isa = PBXFileReference; fileEncoding = 4; lastKnownFileType = sourcecode.swift; path = util.swift; sourceTree = "<group>"; };
		6904B0E91FFDBCCE000B64F3 /* ClientTunnel.swift */ = {isa = PBXFileReference; fileEncoding = 4; lastKnownFileType = sourcecode.swift; path = ClientTunnel.swift; sourceTree = "<group>"; };
		6904B0EB1FFDBD2E000B64F3 /* ServerTunnel.swift */ = {isa = PBXFileReference; fileEncoding = 4; lastKnownFileType = sourcecode.swift; path = ServerTunnel.swift; sourceTree = "<group>"; };
		6904B0ED1FFDBD58000B64F3 /* ServerConfiguration.swift */ = {isa = PBXFileReference; fileEncoding = 4; lastKnownFileType = sourcecode.swift; path = ServerConfiguration.swift; sourceTree = "<group>"; };
		6904B0EF1FFDBD6D000B64F3 /* AddressPool.swift */ = {isa = PBXFileReference; fileEncoding = 4; lastKnownFileType = sourcecode.swift; path = AddressPool.swift; sourceTree = "<group>"; };
		6904B0F11FFDBDA5000B64F3 /* config.plist */ = {isa = PBXFileReference; fileEncoding = 4; lastKnownFileType = text.plist.xml; path = config.plist; sourceTree = "<group>"; };
		6904B0F31FFDBE00000B64F3 /* ServerConnection.swift */ = {isa = PBXFileReference; fileEncoding = 4; lastKnownFileType = sourcecode.swift; path = ServerConnection.swift; sourceTree = "<group>"; };
		6904B0F51FFDBE0B000B64F3 /* UDPServerConnection.swift */ = {isa = PBXFileReference; fileEncoding = 4; lastKnownFileType = sourcecode.swift; path = UDPServerConnection.swift; sourceTree = "<group>"; };
		6904B0F71FFDC184000B64F3 /* VPNServer.swift */ = {isa = PBXFileReference; lastKnownFileType = sourcecode.swift; path = VPNServer.swift; sourceTree = "<group>"; };
		6904B1021FFDCE83000B64F3 /* tunnelserver */ = {isa = PBXFileReference; explicitFileType = "compiled.mach-o.executable"; includeInIndex = 0; path = tunnelserver; sourceTree = BUILT_PRODUCTS_DIR; };
		6904B1041FFDCE83000B64F3 /* main.swift */ = {isa = PBXFileReference; lastKnownFileType = sourcecode.swift; path = main.swift; sourceTree = "<group>"; };
		69116B161E968157007C2FBA /* SFOpt.swift */ = {isa = PBXFileReference; fileEncoding = 4; lastKnownFileType = sourcecode.swift; path = SFOpt.swift; sourceTree = "<group>"; };
		69116B1F1E9681BB007C2FBA /* SFHTTPConnection.swift */ = {isa = PBXFileReference; fileEncoding = 4; lastKnownFileType = sourcecode.swift; path = SFHTTPConnection.swift; sourceTree = "<group>"; };
		69116B201E9681BB007C2FBA /* SFHTTPRequest.swift */ = {isa = PBXFileReference; fileEncoding = 4; lastKnownFileType = sourcecode.swift; path = SFHTTPRequest.swift; sourceTree = "<group>"; };
		69116B211E9681BB007C2FBA /* SFHTTPSConnection.swift */ = {isa = PBXFileReference; fileEncoding = 4; lastKnownFileType = sourcecode.swift; path = SFHTTPSConnection.swift; sourceTree = "<group>"; };
		69116B221E9681BB007C2FBA /* SFTCPConnection.swift */ = {isa = PBXFileReference; fileEncoding = 4; lastKnownFileType = sourcecode.swift; path = SFTCPConnection.swift; sourceTree = "<group>"; };
		69116B231E9681BB007C2FBA /* SFTCPConnectionManager.swift */ = {isa = PBXFileReference; fileEncoding = 4; lastKnownFileType = sourcecode.swift; path = SFTCPConnectionManager.swift; sourceTree = "<group>"; };
		69116B2E1E96823E007C2FBA /* TCPManagerProtocol.swift */ = {isa = PBXFileReference; fileEncoding = 4; lastKnownFileType = sourcecode.swift; path = TCPManagerProtocol.swift; sourceTree = "<group>"; };
		69116B371E968749007C2FBA /* SKit.swift */ = {isa = PBXFileReference; fileEncoding = 4; lastKnownFileType = sourcecode.swift; lineEnding = 0; path = SKit.swift; sourceTree = "<group>"; xcLanguageSpecificationIdentifier = xcode.lang.swift; };
		69116B3A1E9695F4007C2FBA /* RequestHelper.swift */ = {isa = PBXFileReference; fileEncoding = 4; lastKnownFileType = sourcecode.swift; path = RequestHelper.swift; sourceTree = "<group>"; };
		6913C3C31FE0BC05006483C1 /* OSXTest.entitlements */ = {isa = PBXFileReference; lastKnownFileType = text.plist.entitlements; path = OSXTest.entitlements; sourceTree = "<group>"; };
		692128551E9CBA6C00560DEC /* NetworkExtension.framework */ = {isa = PBXFileReference; lastKnownFileType = wrapper.framework; name = NetworkExtension.framework; path = System/Library/Frameworks/NetworkExtension.framework; sourceTree = SDKROOT; };
		692DD5AB1DD5CE310079493D /* UDPDirectStack.swift */ = {isa = PBXFileReference; fileEncoding = 4; lastKnownFileType = sourcecode.swift; path = UDPDirectStack.swift; sourceTree = "<group>"; };
		692DD5AD1DD5CE490079493D /* IPStackProtocol.swift */ = {isa = PBXFileReference; fileEncoding = 4; lastKnownFileType = sourcecode.swift; path = IPStackProtocol.swift; sourceTree = "<group>"; };
		692DD5AF1DD5CE620079493D /* IPPacket.swift */ = {isa = PBXFileReference; fileEncoding = 4; lastKnownFileType = sourcecode.swift; path = IPPacket.swift; sourceTree = "<group>"; };
		692DD5B11DD5CE920079493D /* PacketProtocolParser.swift */ = {isa = PBXFileReference; fileEncoding = 4; lastKnownFileType = sourcecode.swift; path = PacketProtocolParser.swift; sourceTree = "<group>"; };
		692DD5B31DD5CEA30079493D /* ConnectRequest.swift */ = {isa = PBXFileReference; fileEncoding = 4; lastKnownFileType = sourcecode.swift; path = ConnectRequest.swift; sourceTree = "<group>"; };
		692DD5B71DD5CF120079493D /* Checksum.swift */ = {isa = PBXFileReference; fileEncoding = 4; lastKnownFileType = sourcecode.swift; path = Checksum.swift; sourceTree = "<group>"; };
		694144B81FDE3E1000F73C5A /* Default.conf */ = {isa = PBXFileReference; fileEncoding = 4; lastKnownFileType = text; path = Default.conf; sourceTree = "<group>"; };
		694719851EE528F60059BEF8 /* OSXTest.app */ = {isa = PBXFileReference; explicitFileType = wrapper.application; includeInIndex = 0; path = OSXTest.app; sourceTree = BUILT_PRODUCTS_DIR; };
		694719871EE528F60059BEF8 /* AppDelegate.swift */ = {isa = PBXFileReference; lastKnownFileType = sourcecode.swift; path = AppDelegate.swift; sourceTree = "<group>"; };
		694719891EE528F60059BEF8 /* ViewController.swift */ = {isa = PBXFileReference; lastKnownFileType = sourcecode.swift; path = ViewController.swift; sourceTree = "<group>"; };
		6947198B1EE528F60059BEF8 /* Assets.xcassets */ = {isa = PBXFileReference; lastKnownFileType = folder.assetcatalog; path = Assets.xcassets; sourceTree = "<group>"; };
		6947198E1EE528F60059BEF8 /* Base */ = {isa = PBXFileReference; lastKnownFileType = file.storyboard; name = Base; path = Base.lproj/Main.storyboard; sourceTree = "<group>"; };
		694719901EE528F60059BEF8 /* Info.plist */ = {isa = PBXFileReference; lastKnownFileType = text.plist.xml; path = Info.plist; sourceTree = "<group>"; };
		6952F8701E97D2CD003EB1CB /* SFSocketTest.entitlements */ = {isa = PBXFileReference; lastKnownFileType = text.plist.entitlements; path = SFSocketTest.entitlements; sourceTree = "<group>"; };
		695F6E321E900E1A00C72E5E /* DNSCache.swift */ = {isa = PBXFileReference; fileEncoding = 4; lastKnownFileType = sourcecode.swift; path = DNSCache.swift; sourceTree = "<group>"; };
		695F6E331E900E1A00C72E5E /* DNSPacket.swift */ = {isa = PBXFileReference; fileEncoding = 4; lastKnownFileType = sourcecode.swift; lineEnding = 0; path = DNSPacket.swift; sourceTree = "<group>"; xcLanguageSpecificationIdentifier = xcode.lang.swift; };
		695F6E351E900E1A00C72E5E /* DNSServer.swift */ = {isa = PBXFileReference; fileEncoding = 4; lastKnownFileType = sourcecode.swift; path = DNSServer.swift; sourceTree = "<group>"; };
		695F6E371E900E1A00C72E5E /* IPv4Packet.swift */ = {isa = PBXFileReference; fileEncoding = 4; lastKnownFileType = sourcecode.swift; path = IPv4Packet.swift; sourceTree = "<group>"; };
		695F6E391E900E1A00C72E5E /* Regex.swift */ = {isa = PBXFileReference; fileEncoding = 4; lastKnownFileType = sourcecode.swift; path = Regex.swift; sourceTree = "<group>"; };
		695F6E3A1E900E1A00C72E5E /* SFConnection.swift */ = {isa = PBXFileReference; fileEncoding = 4; lastKnownFileType = sourcecode.swift; path = SFConnection.swift; sourceTree = "<group>"; };
		695F6E3B1E900E1A00C72E5E /* SFDNSForwarder.swift */ = {isa = PBXFileReference; fileEncoding = 4; lastKnownFileType = sourcecode.swift; path = SFDNSForwarder.swift; sourceTree = "<group>"; };
		695F6E3C1E900E1A00C72E5E /* SFDNSManager.swift */ = {isa = PBXFileReference; fileEncoding = 4; lastKnownFileType = sourcecode.swift; path = SFDNSManager.swift; sourceTree = "<group>"; };
		695F6E3E1E900E1A00C72E5E /* SFFunc.swift */ = {isa = PBXFileReference; fileEncoding = 4; lastKnownFileType = sourcecode.swift; path = SFFunc.swift; sourceTree = "<group>"; };
		695F6E451E900E1A00C72E5E /* SFTunConst.swift */ = {isa = PBXFileReference; fileEncoding = 4; lastKnownFileType = sourcecode.swift; path = SFTunConst.swift; sourceTree = "<group>"; };
		695F6E481E900E1A00C72E5E /* SFTunUtility.swift */ = {isa = PBXFileReference; fileEncoding = 4; lastKnownFileType = sourcecode.swift; path = SFTunUtility.swift; sourceTree = "<group>"; };
		695F6E491E900E1A00C72E5E /* SFUDPConnector.swift */ = {isa = PBXFileReference; fileEncoding = 4; lastKnownFileType = sourcecode.swift; path = SFUDPConnector.swift; sourceTree = "<group>"; };
		695F6E4A1E900E1A00C72E5E /* SFUDPForwarder.swift */ = {isa = PBXFileReference; fileEncoding = 4; lastKnownFileType = sourcecode.swift; lineEnding = 0; path = SFUDPForwarder.swift; sourceTree = "<group>"; xcLanguageSpecificationIdentifier = xcode.lang.swift; };
		695F6E4E1E900E1A00C72E5E /* UDPPacket.swift */ = {isa = PBXFileReference; fileEncoding = 4; lastKnownFileType = sourcecode.swift; path = UDPPacket.swift; sourceTree = "<group>"; };
		696FACE8200B1FDA00DCFC07 /* Tunmanager.swift */ = {isa = PBXFileReference; fileEncoding = 4; lastKnownFileType = sourcecode.swift; path = Tunmanager.swift; sourceTree = "<group>"; };
		697DF0791FFDEF9600C6A64C /* PacketProcessor.swift */ = {isa = PBXFileReference; lastKnownFileType = sourcecode.swift; path = PacketProcessor.swift; sourceTree = "<group>"; };
		697DF07C1FFDF56100C6A64C /* PacketProcessorProtocol.swift */ = {isa = PBXFileReference; lastKnownFileType = sourcecode.swift; path = PacketProcessorProtocol.swift; sourceTree = "<group>"; };
		697DF07F1FFE086500C6A64C /* VPNTest.entitlements */ = {isa = PBXFileReference; lastKnownFileType = text.plist.entitlements; path = VPNTest.entitlements; sourceTree = "<group>"; };
		69803E091DD95D8C0047112C /* Cartfile */ = {isa = PBXFileReference; lastKnownFileType = text; path = Cartfile; sourceTree = "<group>"; };
		69803E0A1DD95D920047112C /* Cartfile.resolved */ = {isa = PBXFileReference; lastKnownFileType = text; path = Cartfile.resolved; sourceTree = "<group>"; };
		698F37851E97334200F98C90 /* NEPacketTunnelProvider+Extension.swift */ = {isa = PBXFileReference; fileEncoding = 4; lastKnownFileType = sourcecode.swift; path = "NEPacketTunnelProvider+Extension.swift"; sourceTree = "<group>"; };
		6994E0161DEFBE9E009394F9 /* Rule.swift */ = {isa = PBXFileReference; fileEncoding = 4; lastKnownFileType = sourcecode.swift; path = Rule.swift; sourceTree = "<group>"; };
		6994E0191DEFBEB6009394F9 /* DNSSessionMatchType.swift */ = {isa = PBXFileReference; fileEncoding = 4; lastKnownFileType = sourcecode.swift; path = DNSSessionMatchType.swift; sourceTree = "<group>"; };
		69A0D2751DD5971A00227353 /* StreamScanner.swift */ = {isa = PBXFileReference; fileEncoding = 4; lastKnownFileType = sourcecode.swift; path = StreamScanner.swift; sourceTree = "<group>"; };
		69A0D2771DD5975800227353 /* Opt.swift */ = {isa = PBXFileReference; fileEncoding = 4; lastKnownFileType = sourcecode.swift; path = Opt.swift; sourceTree = "<group>"; };
		69AD9CCD200458A100C01011 /* README.md */ = {isa = PBXFileReference; lastKnownFileType = net.daringfireball.markdown; name = README.md; path = VPNTest/README.md; sourceTree = "<group>"; };
		69AD9CCE20048CA700C01011 /* debug.xcconfig */ = {isa = PBXFileReference; lastKnownFileType = text.xcconfig; path = debug.xcconfig; sourceTree = "<group>"; };
		69B911611EB8C0200096DE58 /* HTTPTester.swift */ = {isa = PBXFileReference; fileEncoding = 4; lastKnownFileType = sourcecode.swift; path = HTTPTester.swift; sourceTree = "<group>"; };
		69B954F21DDF81CF006AF669 /* SFSocket.framework */ = {isa = PBXFileReference; explicitFileType = wrapper.framework; includeInIndex = 0; path = SFSocket.framework; sourceTree = BUILT_PRODUCTS_DIR; };
		69B954F41DDF81CF006AF669 /* SFSocket.h */ = {isa = PBXFileReference; lastKnownFileType = sourcecode.c.h; path = SFSocket.h; sourceTree = "<group>"; };
		69B954F51DDF81CF006AF669 /* Info.plist */ = {isa = PBXFileReference; lastKnownFileType = text.plist.xml; path = Info.plist; sourceTree = "<group>"; };
		69BCD1F11F56A81700D05C62 /* TestVC.swift */ = {isa = PBXFileReference; fileEncoding = 4; lastKnownFileType = sourcecode.swift; path = TestVC.swift; sourceTree = "<group>"; };
		69BE2E6B1FFC8CAA0078845A /* UDPManager.swift */ = {isa = PBXFileReference; lastKnownFileType = sourcecode.swift; path = UDPManager.swift; sourceTree = "<group>"; };
		69BE2E701FFD20210078845A /* ServerTunnelConnection.swift */ = {isa = PBXFileReference; lastKnownFileType = sourcecode.swift; path = ServerTunnelConnection.swift; sourceTree = "<group>"; };
		69BE2E7A1FFD252C0078845A /* Tunnel.swift */ = {isa = PBXFileReference; lastKnownFileType = sourcecode.swift; path = Tunnel.swift; sourceTree = "<group>"; };
		69BE2E801FFD28BA0078845A /* VPNTest.app */ = {isa = PBXFileReference; explicitFileType = wrapper.application; includeInIndex = 0; path = VPNTest.app; sourceTree = BUILT_PRODUCTS_DIR; };
		69BE2E821FFD28BA0078845A /* AppDelegate.swift */ = {isa = PBXFileReference; lastKnownFileType = sourcecode.swift; path = AppDelegate.swift; sourceTree = "<group>"; };
		69BE2E841FFD28BA0078845A /* VPNViewController.swift */ = {isa = PBXFileReference; lastKnownFileType = sourcecode.swift; path = VPNViewController.swift; sourceTree = "<group>"; };
		69BE2E861FFD28BA0078845A /* Assets.xcassets */ = {isa = PBXFileReference; lastKnownFileType = folder.assetcatalog; path = Assets.xcassets; sourceTree = "<group>"; };
		69BE2E891FFD28BA0078845A /* Base */ = {isa = PBXFileReference; lastKnownFileType = file.storyboard; name = Base; path = Base.lproj/Main.storyboard; sourceTree = "<group>"; };
		69BE2E8B1FFD28BA0078845A /* Info.plist */ = {isa = PBXFileReference; lastKnownFileType = text.plist.xml; path = Info.plist; sourceTree = "<group>"; };
		69BE2E981FFD2D830078845A /* vpn.xcconfig */ = {isa = PBXFileReference; lastKnownFileType = text.xcconfig; name = vpn.xcconfig; path = VPNTest/tun/vpn.xcconfig; sourceTree = SOURCE_ROOT; };
		69BF6C551DE57E74000ABF09 /* Atomic.swift */ = {isa = PBXFileReference; fileEncoding = 4; lastKnownFileType = sourcecode.swift; path = Atomic.swift; sourceTree = "<group>"; };
		69BF6C611DE57F7B000ABF09 /* HTTPHeader.swift */ = {isa = PBXFileReference; fileEncoding = 4; lastKnownFileType = sourcecode.swift; path = HTTPHeader.swift; sourceTree = "<group>"; };
		69BF6C641DE57FCA000ABF09 /* HTTPStreamScanner.swift */ = {isa = PBXFileReference; fileEncoding = 4; lastKnownFileType = sourcecode.swift; path = HTTPStreamScanner.swift; sourceTree = "<group>"; };
		69BF6C671DE57FDB000ABF09 /* Utils.swift */ = {isa = PBXFileReference; fileEncoding = 4; lastKnownFileType = sourcecode.swift; path = Utils.swift; sourceTree = "<group>"; };
		69C1ED751DF5A4DD0019AFFC /* DNSSessionMatchResult.swift */ = {isa = PBXFileReference; fileEncoding = 4; lastKnownFileType = sourcecode.swift; path = DNSSessionMatchResult.swift; sourceTree = "<group>"; };
		69C2988E1DD593FF00E4C3BD /* SFSocket.framework */ = {isa = PBXFileReference; explicitFileType = wrapper.framework; includeInIndex = 0; path = SFSocket.framework; sourceTree = BUILT_PRODUCTS_DIR; };
		69C298911DD593FF00E4C3BD /* SFSocket.h */ = {isa = PBXFileReference; lastKnownFileType = sourcecode.c.h; path = SFSocket.h; sourceTree = "<group>"; };
		69C298921DD593FF00E4C3BD /* Info.plist */ = {isa = PBXFileReference; lastKnownFileType = text.plist.xml; path = Info.plist; sourceTree = "<group>"; };
		69C7DC5F1FE364ED00FB7FA2 /* iOS.xcconfig */ = {isa = PBXFileReference; lastKnownFileType = text.xcconfig; path = iOS.xcconfig; sourceTree = "<group>"; };
		69C7DC601FE364FF00FB7FA2 /* mac.xcconfig */ = {isa = PBXFileReference; lastKnownFileType = text.xcconfig; path = mac.xcconfig; sourceTree = "<group>"; };
		69CC44781EB199A8002C10DC /* BinaryConvertible.swift */ = {isa = PBXFileReference; fileEncoding = 4; lastKnownFileType = sourcecode.swift; path = BinaryConvertible.swift; sourceTree = "<group>"; };
		69E470AE1E67AADE00AE11FB /* SocksTest.swift */ = {isa = PBXFileReference; fileEncoding = 4; lastKnownFileType = sourcecode.swift; path = SocksTest.swift; sourceTree = "<group>"; };
		69FC1AFD1DDBFAB000EF8AAC /* SFSocketTest.app */ = {isa = PBXFileReference; explicitFileType = wrapper.application; includeInIndex = 0; path = SFSocketTest.app; sourceTree = BUILT_PRODUCTS_DIR; };
		69FC1AFF1DDBFAB000EF8AAC /* AppDelegate.swift */ = {isa = PBXFileReference; lastKnownFileType = sourcecode.swift; path = AppDelegate.swift; sourceTree = "<group>"; };
		69FC1B011DDBFAB000EF8AAC /* ViewController.swift */ = {isa = PBXFileReference; lastKnownFileType = sourcecode.swift; path = ViewController.swift; sourceTree = "<group>"; };
		69FC1B041DDBFAB000EF8AAC /* Base */ = {isa = PBXFileReference; lastKnownFileType = file.storyboard; name = Base; path = Base.lproj/Main.storyboard; sourceTree = "<group>"; };
		69FC1B061DDBFAB000EF8AAC /* Assets.xcassets */ = {isa = PBXFileReference; lastKnownFileType = folder.assetcatalog; path = Assets.xcassets; sourceTree = "<group>"; };
		69FC1B091DDBFAB000EF8AAC /* Base */ = {isa = PBXFileReference; lastKnownFileType = file.storyboard; name = Base; path = Base.lproj/LaunchScreen.storyboard; sourceTree = "<group>"; };
		69FC1B0B1DDBFAB000EF8AAC /* Info.plist */ = {isa = PBXFileReference; lastKnownFileType = text.plist.xml; path = Info.plist; sourceTree = "<group>"; };
/* End PBXFileReference section */

/* Begin PBXFrameworksBuildPhase section */
		6904B0FF1FFDCE83000B64F3 /* Frameworks */ = {
			isa = PBXFrameworksBuildPhase;
			buildActionMask = 2147483647;
			files = (
			);
			runOnlyForDeploymentPostprocessing = 0;
		};
		694719821EE528F60059BEF8 /* Frameworks */ = {
			isa = PBXFrameworksBuildPhase;
			buildActionMask = 2147483647;
			files = (
				6928061A1EFA7B79007FCF6A /* SFSocket.framework in Frameworks */,
			);
			runOnlyForDeploymentPostprocessing = 0;
		};
		69B954EE1DDF81CF006AF669 /* Frameworks */ = {
			isa = PBXFrameworksBuildPhase;
			buildActionMask = 2147483647;
			files = (
			);
			runOnlyForDeploymentPostprocessing = 0;
		};
		69BE2E7D1FFD28BA0078845A /* Frameworks */ = {
			isa = PBXFrameworksBuildPhase;
			buildActionMask = 2147483647;
			files = (
				6904B0DA1FFD2F1D000B64F3 /* SFSocket.framework in Frameworks */,
			);
			runOnlyForDeploymentPostprocessing = 0;
		};
		69C2988A1DD593FF00E4C3BD /* Frameworks */ = {
			isa = PBXFrameworksBuildPhase;
			buildActionMask = 2147483647;
			files = (
			);
			runOnlyForDeploymentPostprocessing = 0;
		};
		69FC1AFA1DDBFAB000EF8AAC /* Frameworks */ = {
			isa = PBXFrameworksBuildPhase;
			buildActionMask = 2147483647;
			files = (
				692128561E9CBA6C00560DEC /* NetworkExtension.framework in Frameworks */,
				69FC1B111DDBFADE00EF8AAC /* SFSocket.framework in Frameworks */,
			);
			runOnlyForDeploymentPostprocessing = 0;
		};
/* End PBXFrameworksBuildPhase section */

/* Begin PBXGroup section */
		6904B0FD1FFDCACF000B64F3 /* service */ = {
			isa = PBXGroup;
			children = (
				6904B0E91FFDBCCE000B64F3 /* ClientTunnel.swift */,
				69BE2E7A1FFD252C0078845A /* Tunnel.swift */,
				6904B0E31FFDBC22000B64F3 /* Connection.swift */,
				6904B0E71FFDBCAD000B64F3 /* util.swift */,
			);
			path = service;
			sourceTree = "<group>";
		};
		6904B1031FFDCE83000B64F3 /* tunnelserver */ = {
			isa = PBXGroup;
			children = (
				6904B1041FFDCE83000B64F3 /* main.swift */,
			);
			path = tunnelserver;
			sourceTree = "<group>";
		};
		6913C3A91FDFB326006483C1 /* Recovered References */ = {
			isa = PBXGroup;
			children = (
			);
			name = "Recovered References";
			sourceTree = "<group>";
		};
		692128541E9CBA6C00560DEC /* Frameworks */ = {
			isa = PBXGroup;
			children = (
				692128551E9CBA6C00560DEC /* NetworkExtension.framework */,
			);
			name = Frameworks;
			sourceTree = "<group>";
		};
		694719861EE528F60059BEF8 /* OSXTest */ = {
			isa = PBXGroup;
			children = (
				6913C3C31FE0BC05006483C1 /* OSXTest.entitlements */,
				694719871EE528F60059BEF8 /* AppDelegate.swift */,
				696FACE8200B1FDA00DCFC07 /* Tunmanager.swift */,
				694719891EE528F60059BEF8 /* ViewController.swift */,
				69BCD1F11F56A81700D05C62 /* TestVC.swift */,
				6947198B1EE528F60059BEF8 /* Assets.xcassets */,
				6947198D1EE528F60059BEF8 /* Main.storyboard */,
				694719901EE528F60059BEF8 /* Info.plist */,
			);
			path = OSXTest;
			sourceTree = "<group>";
		};
		695F6E311E900E1A00C72E5E /* TCPStack */ = {
			isa = PBXGroup;
			children = (
				695F6E3E1E900E1A00C72E5E /* SFFunc.swift */,
				695F6E451E900E1A00C72E5E /* SFTunConst.swift */,
				695F6E481E900E1A00C72E5E /* SFTunUtility.swift */,
			);
			path = TCPStack;
			sourceTree = "<group>";
		};
		697DF09A1FFF575500C6A64C /* tunnel */ = {
			isa = PBXGroup;
			children = (
				697DF09E1FFF579900C6A64C /* ip */,
				697DF09D1FFF577900C6A64C /* packet */,
				697DF09C1FFF576D00C6A64C /* udp */,
				697DF09B1FFF576100C6A64C /* tcp */,
			);
			path = tunnel;
			sourceTree = "<group>";
		};
		697DF09B1FFF576100C6A64C /* tcp */ = {
			isa = PBXGroup;
			children = (
				697DF0A81FFF5B4B00C6A64C /* manager */,
				697DF0A71FFF5B3500C6A64C /* raw */,
				697DF0A61FFF5B1C00C6A64C /* http */,
			);
			path = tcp;
			sourceTree = "<group>";
		};
		697DF09C1FFF576D00C6A64C /* udp */ = {
			isa = PBXGroup;
			children = (
				697DF0AB1FFF609D00C6A64C /* dns */,
				695F6E4A1E900E1A00C72E5E /* SFUDPForwarder.swift */,
				695F6E491E900E1A00C72E5E /* SFUDPConnector.swift */,
				69BE2E6B1FFC8CAA0078845A /* UDPManager.swift */,
				69C1ED751DF5A4DD0019AFFC /* DNSSessionMatchResult.swift */,
				6994E0191DEFBEB6009394F9 /* DNSSessionMatchType.swift */,
				6994E0161DEFBE9E009394F9 /* Rule.swift */,
				692DD5B31DD5CEA30079493D /* ConnectRequest.swift */,
				692DD5B11DD5CE920079493D /* PacketProtocolParser.swift */,
				692DD5AD1DD5CE490079493D /* IPStackProtocol.swift */,
				692DD5AB1DD5CE310079493D /* UDPDirectStack.swift */,
			);
			path = udp;
			sourceTree = "<group>";
		};
		697DF09D1FFF577900C6A64C /* packet */ = {
			isa = PBXGroup;
			children = (
				698F37851E97334200F98C90 /* NEPacketTunnelProvider+Extension.swift */,
				697DF0791FFDEF9600C6A64C /* PacketProcessor.swift */,
				697DF07C1FFDF56100C6A64C /* PacketProcessorProtocol.swift */,
			);
			path = packet;
			sourceTree = "<group>";
		};
		697DF09E1FFF579900C6A64C /* ip */ = {
			isa = PBXGroup;
			children = (
				695F6E4E1E900E1A00C72E5E /* UDPPacket.swift */,
				695F6E331E900E1A00C72E5E /* DNSPacket.swift */,
				695F6E321E900E1A00C72E5E /* DNSCache.swift */,
				695F6E371E900E1A00C72E5E /* IPv4Packet.swift */,
				692DD5B71DD5CF120079493D /* Checksum.swift */,
				692DD5AF1DD5CE620079493D /* IPPacket.swift */,
			);
			path = ip;
			sourceTree = "<group>";
		};
		697DF09F1FFF57D800C6A64C /* framework */ = {
			isa = PBXGroup;
			children = (
				69116B371E968749007C2FBA /* SKit.swift */,
			);
			path = framework;
			sourceTree = "<group>";
		};
		697DF0A01FFF581200C6A64C /* thirdpart */ = {
			isa = PBXGroup;
			children = (
				695F6E391E900E1A00C72E5E /* Regex.swift */,
				69A0D2771DD5975800227353 /* Opt.swift */,
				69A0D2751DD5971A00227353 /* StreamScanner.swift */,
				69CC44781EB199A8002C10DC /* BinaryConvertible.swift */,
			);
			path = thirdpart;
			sourceTree = "<group>";
		};
		697DF0A51FFF5B0600C6A64C /* db */ = {
			isa = PBXGroup;
			children = (
				69116B3A1E9695F4007C2FBA /* RequestHelper.swift */,
			);
			path = db;
			sourceTree = "<group>";
		};
		697DF0A61FFF5B1C00C6A64C /* http */ = {
			isa = PBXGroup;
			children = (
				69116B211E9681BB007C2FBA /* SFHTTPSConnection.swift */,
				69116B201E9681BB007C2FBA /* SFHTTPRequest.swift */,
				69116B1F1E9681BB007C2FBA /* SFHTTPConnection.swift */,
			);
			path = http;
			sourceTree = "<group>";
		};
		697DF0A71FFF5B3500C6A64C /* raw */ = {
			isa = PBXGroup;
			children = (
				695F6E3A1E900E1A00C72E5E /* SFConnection.swift */,
				69116B221E9681BB007C2FBA /* SFTCPConnection.swift */,
			);
			path = raw;
			sourceTree = "<group>";
		};
		697DF0A81FFF5B4B00C6A64C /* manager */ = {
			isa = PBXGroup;
			children = (
				69116B2E1E96823E007C2FBA /* TCPManagerProtocol.swift */,
				69116B161E968157007C2FBA /* SFOpt.swift */,
				69116B231E9681BB007C2FBA /* SFTCPConnectionManager.swift */,
			);
			path = manager;
			sourceTree = "<group>";
		};
		697DF0AB1FFF609D00C6A64C /* dns */ = {
			isa = PBXGroup;
			children = (
				695F6E3B1E900E1A00C72E5E /* SFDNSForwarder.swift */,
				695F6E3C1E900E1A00C72E5E /* SFDNSManager.swift */,
				695F6E351E900E1A00C72E5E /* DNSServer.swift */,
			);
			path = dns;
			sourceTree = "<group>";
		};
		69803E081DD95D4F0047112C /* Framework */ = {
			isa = PBXGroup;
			children = (
			);
			name = Framework;
			sourceTree = "<group>";
		};
		69B954F31DDF81CF006AF669 /* SFSocketOSX */ = {
			isa = PBXGroup;
			children = (
				69B954F41DDF81CF006AF669 /* SFSocket.h */,
				69B954F51DDF81CF006AF669 /* Info.plist */,
				69C7DC601FE364FF00FB7FA2 /* mac.xcconfig */,
			);
			path = SFSocketOSX;
			sourceTree = "<group>";
		};
		69BE2E6F1FFD1FC40078845A /* tun */ = {
			isa = PBXGroup;
			children = (
				6904B0FD1FFDCACF000B64F3 /* service */,
				6904B0F11FFDBDA5000B64F3 /* config.plist */,
				69BE2E981FFD2D830078845A /* vpn.xcconfig */,
				69BE2E701FFD20210078845A /* ServerTunnelConnection.swift */,
				6904B0ED1FFDBD58000B64F3 /* ServerConfiguration.swift */,
				6904B0EB1FFDBD2E000B64F3 /* ServerTunnel.swift */,
				6904B0EF1FFDBD6D000B64F3 /* AddressPool.swift */,
				6904B0F31FFDBE00000B64F3 /* ServerConnection.swift */,
				6904B0F51FFDBE0B000B64F3 /* UDPServerConnection.swift */,
				6904B0DE1FFD3567000B64F3 /* VLog.swift */,
				6904B0F71FFDC184000B64F3 /* VPNServer.swift */,
			);
			path = tun;
			sourceTree = "<group>";
		};
		69BE2E811FFD28BA0078845A /* VPNTest */ = {
			isa = PBXGroup;
			children = (
				697DF07F1FFE086500C6A64C /* VPNTest.entitlements */,
				69BE2E6F1FFD1FC40078845A /* tun */,
				69BE2E821FFD28BA0078845A /* AppDelegate.swift */,
				69BE2E841FFD28BA0078845A /* VPNViewController.swift */,
				69BE2E861FFD28BA0078845A /* Assets.xcassets */,
				69BE2E881FFD28BA0078845A /* Main.storyboard */,
				69BE2E8B1FFD28BA0078845A /* Info.plist */,
			);
			path = VPNTest;
			sourceTree = "<group>";
		};
		69BF6C241DE57AC4000ABF09 /* HTTPProxyServer */ = {
			isa = PBXGroup;
			children = (
				69BF6C671DE57FDB000ABF09 /* Utils.swift */,
				69BF6C641DE57FCA000ABF09 /* HTTPStreamScanner.swift */,
				69BF6C611DE57F7B000ABF09 /* HTTPHeader.swift */,
				69BF6C551DE57E74000ABF09 /* Atomic.swift */,
			);
			path = HTTPProxyServer;
			sourceTree = "<group>";
		};
		69C298841DD593FF00E4C3BD = {
			isa = PBXGroup;
			children = (
				69AD9CCD200458A100C01011 /* README.md */,
				69803E091DD95D8C0047112C /* Cartfile */,
				69803E0A1DD95D920047112C /* Cartfile.resolved */,
				69803E081DD95D4F0047112C /* Framework */,
				69C298901DD593FF00E4C3BD /* SFSocket */,
				69FC1AFE1DDBFAB000EF8AAC /* SFSocketTest */,
				69B954F31DDF81CF006AF669 /* SFSocketOSX */,
				694719861EE528F60059BEF8 /* OSXTest */,
				69BE2E811FFD28BA0078845A /* VPNTest */,
				6904B1031FFDCE83000B64F3 /* tunnelserver */,
				69C2988F1DD593FF00E4C3BD /* Products */,
				692128541E9CBA6C00560DEC /* Frameworks */,
				6913C3A91FDFB326006483C1 /* Recovered References */,
			);
			sourceTree = "<group>";
		};
		69C2988F1DD593FF00E4C3BD /* Products */ = {
			isa = PBXGroup;
			children = (
				69C2988E1DD593FF00E4C3BD /* SFSocket.framework */,
				69FC1AFD1DDBFAB000EF8AAC /* SFSocketTest.app */,
				69B954F21DDF81CF006AF669 /* SFSocket.framework */,
				694719851EE528F60059BEF8 /* OSXTest.app */,
				69BE2E801FFD28BA0078845A /* VPNTest.app */,
				6904B1021FFDCE83000B64F3 /* tunnelserver */,
			);
			name = Products;
			sourceTree = "<group>";
		};
		69C298901DD593FF00E4C3BD /* SFSocket */ = {
			isa = PBXGroup;
			children = (
				697DF0A51FFF5B0600C6A64C /* db */,
				697DF0A01FFF581200C6A64C /* thirdpart */,
				697DF09F1FFF57D800C6A64C /* framework */,
				697DF09A1FFF575500C6A64C /* tunnel */,
				694144B81FDE3E1000F73C5A /* Default.conf */,
				695F6E311E900E1A00C72E5E /* TCPStack */,
				69BF6C241DE57AC4000ABF09 /* HTTPProxyServer */,
				69C298911DD593FF00E4C3BD /* SFSocket.h */,
				69C298921DD593FF00E4C3BD /* Info.plist */,
				69C7DC5F1FE364ED00FB7FA2 /* iOS.xcconfig */,
				69AD9CCE20048CA700C01011 /* debug.xcconfig */,
			);
			path = SFSocket;
			sourceTree = "<group>";
		};
		69FC1AFE1DDBFAB000EF8AAC /* SFSocketTest */ = {
			isa = PBXGroup;
			children = (
				6952F8701E97D2CD003EB1CB /* SFSocketTest.entitlements */,
				69FC1AFF1DDBFAB000EF8AAC /* AppDelegate.swift */,
				69E470AE1E67AADE00AE11FB /* SocksTest.swift */,
				69FC1B011DDBFAB000EF8AAC /* ViewController.swift */,
				69B911611EB8C0200096DE58 /* HTTPTester.swift */,
				69FC1B031DDBFAB000EF8AAC /* Main.storyboard */,
				69FC1B061DDBFAB000EF8AAC /* Assets.xcassets */,
				69FC1B081DDBFAB000EF8AAC /* LaunchScreen.storyboard */,
				69FC1B0B1DDBFAB000EF8AAC /* Info.plist */,
			);
			path = SFSocketTest;
			sourceTree = "<group>";
		};
/* End PBXGroup section */

/* Begin PBXHeadersBuildPhase section */
		69B954EF1DDF81CF006AF669 /* Headers */ = {
			isa = PBXHeadersBuildPhase;
			buildActionMask = 2147483647;
			files = (
				69B954F61DDF81CF006AF669 /* SFSocket.h in Headers */,
			);
			runOnlyForDeploymentPostprocessing = 0;
		};
		69C2988B1DD593FF00E4C3BD /* Headers */ = {
			isa = PBXHeadersBuildPhase;
			buildActionMask = 2147483647;
			files = (
				69C298931DD593FF00E4C3BD /* SFSocket.h in Headers */,
			);
			runOnlyForDeploymentPostprocessing = 0;
		};
/* End PBXHeadersBuildPhase section */

/* Begin PBXNativeTarget section */
		6904B1011FFDCE83000B64F3 /* tunnelserver */ = {
			isa = PBXNativeTarget;
			buildConfigurationList = 6904B1061FFDCE83000B64F3 /* Build configuration list for PBXNativeTarget "tunnelserver" */;
			buildPhases = (
				6904B0FE1FFDCE83000B64F3 /* Sources */,
				6904B0FF1FFDCE83000B64F3 /* Frameworks */,
				6904B1001FFDCE83000B64F3 /* CopyFiles */,
				6904B1151FFDCF61000B64F3 /* ShellScript */,
			);
			buildRules = (
			);
			dependencies = (
			);
			name = tunnelserver;
			productName = tunnelserver;
			productReference = 6904B1021FFDCE83000B64F3 /* tunnelserver */;
			productType = "com.apple.product-type.tool";
		};
		694719841EE528F60059BEF8 /* OSXTest */ = {
			isa = PBXNativeTarget;
			buildConfigurationList = 694719941EE528F60059BEF8 /* Build configuration list for PBXNativeTarget "OSXTest" */;
			buildPhases = (
				694719811EE528F60059BEF8 /* Sources */,
				694719821EE528F60059BEF8 /* Frameworks */,
				694719831EE528F60059BEF8 /* Resources */,
				694719971EE5292E0059BEF8 /* Embed Frameworks */,
				69C7DC591FE363F400FB7FA2 /* ShellScript */,
			);
			buildRules = (
			);
			dependencies = (
				6928061D1EFA7B79007FCF6A /* PBXTargetDependency */,
			);
			name = OSXTest;
			productName = OSXTest;
			productReference = 694719851EE528F60059BEF8 /* OSXTest.app */;
			productType = "com.apple.product-type.application";
		};
		69B954F11DDF81CF006AF669 /* SFSocketOSX */ = {
			isa = PBXNativeTarget;
			buildConfigurationList = 69B954F91DDF81CF006AF669 /* Build configuration list for PBXNativeTarget "SFSocketOSX" */;
			buildPhases = (
				69B954ED1DDF81CF006AF669 /* Sources */,
				69B954EE1DDF81CF006AF669 /* Frameworks */,
				69B954EF1DDF81CF006AF669 /* Headers */,
				69B954F01DDF81CF006AF669 /* Resources */,
			);
			buildRules = (
			);
			dependencies = (
			);
			name = SFSocketOSX;
			productName = SFSocketOSX;
			productReference = 69B954F21DDF81CF006AF669 /* SFSocket.framework */;
			productType = "com.apple.product-type.framework";
		};
		69BE2E7F1FFD28BA0078845A /* VPNTest */ = {
			isa = PBXNativeTarget;
			buildConfigurationList = 69BE2E8D1FFD28BA0078845A /* Build configuration list for PBXNativeTarget "VPNTest" */;
			buildPhases = (
				69BE2E7C1FFD28BA0078845A /* Sources */,
				69BE2E7D1FFD28BA0078845A /* Frameworks */,
				69BE2E7E1FFD28BA0078845A /* Resources */,
				69BE2E921FFD291B0078845A /* ShellScript */,
				69BE2E971FFD292A0078845A /* Embed Frameworks */,
			);
			buildRules = (
			);
			dependencies = (
				6904B0DD1FFD2F1D000B64F3 /* PBXTargetDependency */,
			);
			name = VPNTest;
			productName = VPNTest;
			productReference = 69BE2E801FFD28BA0078845A /* VPNTest.app */;
			productType = "com.apple.product-type.application";
		};
		69C2988D1DD593FF00E4C3BD /* SFSocket */ = {
			isa = PBXNativeTarget;
			buildConfigurationList = 69C298961DD593FF00E4C3BD /* Build configuration list for PBXNativeTarget "SFSocket" */;
			buildPhases = (
				69C298891DD593FF00E4C3BD /* Sources */,
				69C2988A1DD593FF00E4C3BD /* Frameworks */,
				69C2988B1DD593FF00E4C3BD /* Headers */,
				69C2988C1DD593FF00E4C3BD /* Resources */,
			);
			buildRules = (
			);
			dependencies = (
			);
			name = SFSocket;
			productName = SFSocket;
			productReference = 69C2988E1DD593FF00E4C3BD /* SFSocket.framework */;
			productType = "com.apple.product-type.framework";
		};
		69FC1AFC1DDBFAB000EF8AAC /* SFSocketTest */ = {
			isa = PBXNativeTarget;
			buildConfigurationList = 69FC1B0E1DDBFAB000EF8AAC /* Build configuration list for PBXNativeTarget "SFSocketTest" */;
			buildPhases = (
				69FC1AF91DDBFAB000EF8AAC /* Sources */,
				69FC1AFA1DDBFAB000EF8AAC /* Frameworks */,
				69FC1AFB1DDBFAB000EF8AAC /* Resources */,
				69FC1B121DDBFAE400EF8AAC /* CopyFiles */,
				69593FD21FFB9D4500CB8ADF /* ShellScript */,
			);
			buildRules = (
			);
			dependencies = (
				69FC1B1C1DDC00A100EF8AAC /* PBXTargetDependency */,
			);
			name = SFSocketTest;
			productName = SFSocketTest;
			productReference = 69FC1AFD1DDBFAB000EF8AAC /* SFSocketTest.app */;
			productType = "com.apple.product-type.application";
		};
/* End PBXNativeTarget section */

/* Begin PBXProject section */
		69C298851DD593FF00E4C3BD /* Project object */ = {
			isa = PBXProject;
			attributes = {
				LastSwiftUpdateCheck = 0920;
				LastUpgradeCheck = 0920;
				ORGANIZATIONNAME = "Kong XiangBo";
				TargetAttributes = {
					6904B1011FFDCE83000B64F3 = {
						CreatedOnToolsVersion = 9.2;
						DevelopmentTeam = 745WQDK4L7;
						ProvisioningStyle = Automatic;
					};
					694719841EE528F60059BEF8 = {
						CreatedOnToolsVersion = 8.3.2;
						DevelopmentTeam = 745WQDK4L7;
						LastSwiftMigration = 0920;
						ProvisioningStyle = Manual;
						SystemCapabilities = {
							com.apple.ApplicationGroups.Mac = {
								enabled = 1;
							};
							com.apple.Sandbox = {
								enabled = 0;
							};
						};
					};
					69B954F11DDF81CF006AF669 = {
						CreatedOnToolsVersion = 8.2;
						LastSwiftMigration = 0910;
						ProvisioningStyle = Manual;
					};
					69BE2E7F1FFD28BA0078845A = {
						CreatedOnToolsVersion = 9.2;
						DevelopmentTeam = 745WQDK4L7;
						ProvisioningStyle = Automatic;
						SystemCapabilities = {
							com.apple.ApplicationGroups.Mac = {
								enabled = 1;
							};
							com.apple.Sandbox = {
								enabled = 1;
							};
						};
					};
					69C2988D1DD593FF00E4C3BD = {
						CreatedOnToolsVersion = 8.2;
						DevelopmentTeam = 745WQDK4L7;
						LastSwiftMigration = 0830;
						ProvisioningStyle = Automatic;
					};
					69FC1AFC1DDBFAB000EF8AAC = {
						CreatedOnToolsVersion = 8.2;
						DevelopmentTeam = 745WQDK4L7;
						ProvisioningStyle = Automatic;
						SystemCapabilities = {
							com.apple.ApplicationGroups.iOS = {
								enabled = 1;
							};
							com.apple.NetworkExtensions = {
								enabled = 1;
							};
						};
					};
				};
			};
			buildConfigurationList = 69C298881DD593FF00E4C3BD /* Build configuration list for PBXProject "SFSocket" */;
			compatibilityVersion = "Xcode 3.2";
			developmentRegion = English;
			hasScannedForEncodings = 0;
			knownRegions = (
				en,
				Base,
			);
			mainGroup = 69C298841DD593FF00E4C3BD;
			productRefGroup = 69C2988F1DD593FF00E4C3BD /* Products */;
			projectDirPath = "";
			projectRoot = "";
			targets = (
				69C2988D1DD593FF00E4C3BD /* SFSocket */,
				69FC1AFC1DDBFAB000EF8AAC /* SFSocketTest */,
				69B954F11DDF81CF006AF669 /* SFSocketOSX */,
				694719841EE528F60059BEF8 /* OSXTest */,
				69BE2E7F1FFD28BA0078845A /* VPNTest */,
				6904B1011FFDCE83000B64F3 /* tunnelserver */,
			);
		};
/* End PBXProject section */

/* Begin PBXResourcesBuildPhase section */
		694719831EE528F60059BEF8 /* Resources */ = {
			isa = PBXResourcesBuildPhase;
			buildActionMask = 2147483647;
			files = (
				6947198C1EE528F60059BEF8 /* Assets.xcassets in Resources */,
				6947198F1EE528F60059BEF8 /* Main.storyboard in Resources */,
			);
			runOnlyForDeploymentPostprocessing = 0;
		};
		69B954F01DDF81CF006AF669 /* Resources */ = {
			isa = PBXResourcesBuildPhase;
			buildActionMask = 2147483647;
			files = (
				694144BA1FDE3E1100F73C5A /* Default.conf in Resources */,
			);
			runOnlyForDeploymentPostprocessing = 0;
		};
		69BE2E7E1FFD28BA0078845A /* Resources */ = {
			isa = PBXResourcesBuildPhase;
			buildActionMask = 2147483647;
			files = (
				69BE2E871FFD28BA0078845A /* Assets.xcassets in Resources */,
				69BE2E8A1FFD28BA0078845A /* Main.storyboard in Resources */,
				6904B0F21FFDBDA6000B64F3 /* config.plist in Resources */,
			);
			runOnlyForDeploymentPostprocessing = 0;
		};
		69C2988C1DD593FF00E4C3BD /* Resources */ = {
			isa = PBXResourcesBuildPhase;
			buildActionMask = 2147483647;
			files = (
				694144B91FDE3E1100F73C5A /* Default.conf in Resources */,
			);
			runOnlyForDeploymentPostprocessing = 0;
		};
		69FC1AFB1DDBFAB000EF8AAC /* Resources */ = {
			isa = PBXResourcesBuildPhase;
			buildActionMask = 2147483647;
			files = (
				69FC1B0A1DDBFAB000EF8AAC /* LaunchScreen.storyboard in Resources */,
				69FC1B071DDBFAB000EF8AAC /* Assets.xcassets in Resources */,
				69FC1B051DDBFAB000EF8AAC /* Main.storyboard in Resources */,
			);
			runOnlyForDeploymentPostprocessing = 0;
		};
/* End PBXResourcesBuildPhase section */

/* Begin PBXShellScriptBuildPhase section */
		6904B1151FFDCF61000B64F3 /* ShellScript */ = {
			isa = PBXShellScriptBuildPhase;
			buildActionMask = 2147483647;
			files = (
			);
			inputPaths = (
			);
			outputPaths = (
			);
			runOnlyForDeploymentPostprocessing = 0;
			shellPath = /bin/sh;
			shellScript = "export CODESIGN_ALLOCATE=/Applications/Xcode.app/Contents/Developer/Toolchains/XcodeDefault.xctoolchain/usr/bin/codesign_allocate\nfpath=\"${SRCROOT}/Carthage/Build/Mac\"\ncd \"$fpath\"\n\ntar -c *.framework |tar -xvC \"${TARGET_BUILD_DIR}/${FRAMEWORKS_FOLDER_PATH}\"\n\nfind . -name '*.framework' -type d | while read -r FRAMEWORK\ndo\necho \"codesign $FRAMEWORK\"\n/usr/bin/codesign --sign  $EXPANDED_CODE_SIGN_IDENTITY --force --preserve-metadata=identifier,entitlements,flags --timestamp=none \"${TARGET_BUILD_DIR}/${FRAMEWORKS_FOLDER_PATH}/$FRAMEWORK/Versions/A\"\ndone\n";
		};
		69593FD21FFB9D4500CB8ADF /* ShellScript */ = {
			isa = PBXShellScriptBuildPhase;
			buildActionMask = 2147483647;
			files = (
			);
			inputPaths = (
			);
			outputPaths = (
			);
			runOnlyForDeploymentPostprocessing = 0;
			shellPath = /bin/sh;
			shellScript = "export CODESIGN_ALLOCATE=/Applications/Xcode.app/Contents/Developer/Toolchains/XcodeDefault.xctoolchain/usr/bin/codesign_allocate\nfpath=\"${SRCROOT}/Carthage/Build/iOS\"\ncd \"$fpath\"\n\ntar -c *.framework |tar -xvC \"${TARGET_BUILD_DIR}/${FRAMEWORKS_FOLDER_PATH}\"\n\nfind . -name '*.framework' -type d | while read -r FRAMEWORK\ndo\necho \"codesign $FRAMEWORK\"\n/usr/bin/codesign --sign  $EXPANDED_CODE_SIGN_IDENTITY --force --preserve-metadata=identifier,entitlements,flags --timestamp=none \"${TARGET_BUILD_DIR}/${FRAMEWORKS_FOLDER_PATH}/$FRAMEWORK\"\ndone";
		};
		69BE2E921FFD291B0078845A /* ShellScript */ = {
			isa = PBXShellScriptBuildPhase;
			buildActionMask = 2147483647;
			files = (
			);
			inputPaths = (
			);
			outputPaths = (
			);
			runOnlyForDeploymentPostprocessing = 0;
			shellPath = /bin/sh;
			shellScript = "\nexport CODESIGN_ALLOCATE=/Applications/Xcode.app/Contents/Developer/Toolchains/XcodeDefault.xctoolchain/usr/bin/codesign_allocate\nfpath=\"${SRCROOT}/Carthage/Build/Mac\"\ncd \"$fpath\"\n\ntar -c *.framework |tar -xvC \"${TARGET_BUILD_DIR}/${FRAMEWORKS_FOLDER_PATH}\"\n\nfind . -name '*.framework' -type d | while read -r FRAMEWORK\ndo\necho \"codesign $FRAMEWORK\"\ndone";
		};
		69C7DC591FE363F400FB7FA2 /* ShellScript */ = {
			isa = PBXShellScriptBuildPhase;
			buildActionMask = 2147483647;
			files = (
			);
			inputPaths = (
			);
			outputPaths = (
			);
			runOnlyForDeploymentPostprocessing = 0;
			shellPath = /bin/sh;
			shellScript = "export CODESIGN_ALLOCATE=/Applications/Xcode.app/Contents/Developer/Toolchains/XcodeDefault.xctoolchain/usr/bin/codesign_allocate\nfpath=\"${SRCROOT}/Carthage/Build/Mac\"\ncd \"$fpath\"\n\ntar -c *.framework |tar -xvC \"${TARGET_BUILD_DIR}/${FRAMEWORKS_FOLDER_PATH}\"\n\nfind . -name '*.framework' -type d | while read -r FRAMEWORK\ndo\necho \"codesign $FRAMEWORK\"\ndone";
		};
/* End PBXShellScriptBuildPhase section */

/* Begin PBXSourcesBuildPhase section */
		6904B0FE1FFDCE83000B64F3 /* Sources */ = {
			isa = PBXSourcesBuildPhase;
			buildActionMask = 2147483647;
			files = (
				6904B10D1FFDCEB0000B64F3 /* ServerTunnel.swift in Sources */,
				6904B1131FFDCEC3000B64F3 /* Tunnel.swift in Sources */,
				6904B1121FFDCEC1000B64F3 /* Connection.swift in Sources */,
				6904B10B1FFDCEA8000B64F3 /* UDPServerConnection.swift in Sources */,
				6904B1051FFDCE83000B64F3 /* main.swift in Sources */,
				6904B1111FFDCEBD000B64F3 /* util.swift in Sources */,
				6904B10A1FFDCEA6000B64F3 /* VLog.swift in Sources */,
				6904B10F1FFDCEB7000B64F3 /* ServerTunnelConnection.swift in Sources */,
				6904B10C1FFDCEAD000B64F3 /* AddressPool.swift in Sources */,
				6904B1101FFDCEBA000B64F3 /* ServerConnection.swift in Sources */,
				6904B10E1FFDCEB3000B64F3 /* ServerConfiguration.swift in Sources */,
				6904B1141FFDCEC7000B64F3 /* ClientTunnel.swift in Sources */,
			);
			runOnlyForDeploymentPostprocessing = 0;
		};
		694719811EE528F60059BEF8 /* Sources */ = {
			isa = PBXSourcesBuildPhase;
			buildActionMask = 2147483647;
			files = (
				696FACE9200B1FDA00DCFC07 /* Tunmanager.swift in Sources */,
				6947198A1EE528F60059BEF8 /* ViewController.swift in Sources */,
				69BCD1F21F56A81700D05C62 /* TestVC.swift in Sources */,
				697044BB2029D57500BFB642 /* util.swift in Sources */,
				694719881EE528F60059BEF8 /* AppDelegate.swift in Sources */,
			);
			runOnlyForDeploymentPostprocessing = 0;
		};
		69B954ED1DDF81CF006AF669 /* Sources */ = {
			isa = PBXSourcesBuildPhase;
			buildActionMask = 2147483647;
			files = (
				69116B2D1E9681BB007C2FBA /* SFTCPConnectionManager.swift in Sources */,
				69116B301E96823E007C2FBA /* TCPManagerProtocol.swift in Sources */,
				695F6E501E900E1A00C72E5E /* DNSCache.swift in Sources */,
				695F6E5A1E900E1A00C72E5E /* IPv4Packet.swift in Sources */,
				697DF07B1FFDEF9600C6A64C /* PacketProcessor.swift in Sources */,
				695F6E561E900E1A00C72E5E /* DNSServer.swift in Sources */,
				697DF07E1FFDF56100C6A64C /* PacketProcessorProtocol.swift in Sources */,
				69B955071DDF820F006AF669 /* PacketProtocolParser.swift in Sources */,
				69F745791F4C07AD00A39C30 /* ConnectRequest.swift in Sources */,
				695F6E641E900E1A00C72E5E /* SFDNSManager.swift in Sources */,
				69116B271E9681BB007C2FBA /* SFHTTPRequest.swift in Sources */,
				69C1ED771DF5A4DD0019AFFC /* DNSSessionMatchResult.swift in Sources */,
				69B955031DDF8201006AF669 /* IPPacket.swift in Sources */,
				69116B3C1E9695F4007C2FBA /* RequestHelper.swift in Sources */,
				695F6E7E1E900E1A00C72E5E /* SFUDPConnector.swift in Sources */,
				69BF6C571DE57E74000ABF09 /* Atomic.swift in Sources */,
				695F6E761E900E1A00C72E5E /* SFTunConst.swift in Sources */,
				69BF6C631DE57F7B000ABF09 /* HTTPHeader.swift in Sources */,
				695F6E881E900E1A00C72E5E /* UDPPacket.swift in Sources */,
				695F6E601E900E1A00C72E5E /* SFConnection.swift in Sources */,
				6994E01B1DEFBEB6009394F9 /* DNSSessionMatchType.swift in Sources */,
				695F6E7C1E900E1A00C72E5E /* SFTunUtility.swift in Sources */,
				69F7457A1F4C07B800A39C30 /* Utils.swift in Sources */,
				6904B0E21FFD36B6000B64F3 /* NEPacketTunnelProvider+Extension.swift in Sources */,
				69B955011DDF81FB006AF669 /* Checksum.swift in Sources */,
				695F6E621E900E1A00C72E5E /* SFDNSForwarder.swift in Sources */,
				69116B391E968749007C2FBA /* SKit.swift in Sources */,
				695F6E521E900E1A00C72E5E /* DNSPacket.swift in Sources */,
				69B955091DDF8216006AF669 /* UDPDirectStack.swift in Sources */,
				69116B251E9681BB007C2FBA /* SFHTTPConnection.swift in Sources */,
				69116B181E968157007C2FBA /* SFOpt.swift in Sources */,
				695F6E681E900E1A00C72E5E /* SFFunc.swift in Sources */,
				69B955081DDF8212006AF669 /* IPStackProtocol.swift in Sources */,
				6904B0E01FFD363C000B64F3 /* UDPManager.swift in Sources */,
				697DF0A41FFF59E900C6A64C /* Opt.swift in Sources */,
				695F6E801E900E1A00C72E5E /* SFUDPForwarder.swift in Sources */,
				6994E0181DEFBE9E009394F9 /* Rule.swift in Sources */,
				69116B291E9681BB007C2FBA /* SFHTTPSConnection.swift in Sources */,
				69BF6C661DE57FCA000ABF09 /* HTTPStreamScanner.swift in Sources */,
				69116B2B1E9681BB007C2FBA /* SFTCPConnection.swift in Sources */,
				695F6E5E1E900E1A00C72E5E /* Regex.swift in Sources */,
			);
			runOnlyForDeploymentPostprocessing = 0;
		};
		69BE2E7C1FFD28BA0078845A /* Sources */ = {
			isa = PBXSourcesBuildPhase;
			buildActionMask = 2147483647;
			files = (
				6904B0F61FFDBE0B000B64F3 /* UDPServerConnection.swift in Sources */,
				6904B0EC1FFDBD2E000B64F3 /* ServerTunnel.swift in Sources */,
				6904B0EE1FFDBD58000B64F3 /* ServerConfiguration.swift in Sources */,
				6904B0F81FFDC184000B64F3 /* VPNServer.swift in Sources */,
				6904B0E81FFDBCAD000B64F3 /* util.swift in Sources */,
				6904B0DF1FFD3567000B64F3 /* VLog.swift in Sources */,
				6904B0F41FFDBE00000B64F3 /* ServerConnection.swift in Sources */,
				6904B0EA1FFDBCCE000B64F3 /* ClientTunnel.swift in Sources */,
				6904B0E41FFDBC22000B64F3 /* Connection.swift in Sources */,
				6904B0F01FFDBD6D000B64F3 /* AddressPool.swift in Sources */,
				69BE2E851FFD28BA0078845A /* VPNViewController.swift in Sources */,
				6904B0D91FFD2EF0000B64F3 /* Tunnel.swift in Sources */,
				69BE2E831FFD28BA0078845A /* AppDelegate.swift in Sources */,
				6904B0D81FFD2EED000B64F3 /* ServerTunnelConnection.swift in Sources */,
			);
			runOnlyForDeploymentPostprocessing = 0;
		};
		69C298891DD593FF00E4C3BD /* Sources */ = {
			isa = PBXSourcesBuildPhase;
			buildActionMask = 2147483647;
			files = (
				69116B2A1E9681BB007C2FBA /* SFTCPConnection.swift in Sources */,
				695F6E5F1E900E1A00C72E5E /* SFConnection.swift in Sources */,
				692DD5B01DD5CE620079493D /* IPPacket.swift in Sources */,
				69116B2F1E96823E007C2FBA /* TCPManagerProtocol.swift in Sources */,
				695F6E511E900E1A00C72E5E /* DNSPacket.swift in Sources */,
				69C1ED761DF5A4DD0019AFFC /* DNSSessionMatchResult.swift in Sources */,
				695F6E7B1E900E1A00C72E5E /* SFTunUtility.swift in Sources */,
				695F6E611E900E1A00C72E5E /* SFDNSForwarder.swift in Sources */,
				692DD5AE1DD5CE490079493D /* IPStackProtocol.swift in Sources */,
				69116B381E968749007C2FBA /* SKit.swift in Sources */,
				697DF07A1FFDEF9600C6A64C /* PacketProcessor.swift in Sources */,
				695F6E631E900E1A00C72E5E /* SFDNSManager.swift in Sources */,
				695F6E4F1E900E1A00C72E5E /* DNSCache.swift in Sources */,
				692DD5B81DD5CF120079493D /* Checksum.swift in Sources */,
				695F6E5D1E900E1A00C72E5E /* Regex.swift in Sources */,
				69116B2C1E9681BB007C2FBA /* SFTCPConnectionManager.swift in Sources */,
				692DD5B41DD5CEA30079493D /* ConnectRequest.swift in Sources */,
				69BF6C561DE57E74000ABF09 /* Atomic.swift in Sources */,
				69CC44791EB199A8002C10DC /* BinaryConvertible.swift in Sources */,
				695F6E671E900E1A00C72E5E /* SFFunc.swift in Sources */,
				69116B281E9681BB007C2FBA /* SFHTTPSConnection.swift in Sources */,
				69116B241E9681BB007C2FBA /* SFHTTPConnection.swift in Sources */,
				69116B3B1E9695F4007C2FBA /* RequestHelper.swift in Sources */,
				69BF6C681DE57FDB000ABF09 /* Utils.swift in Sources */,
				69116B261E9681BB007C2FBA /* SFHTTPRequest.swift in Sources */,
				69BF6C621DE57F7B000ABF09 /* HTTPHeader.swift in Sources */,
				6994E01A1DEFBEB6009394F9 /* DNSSessionMatchType.swift in Sources */,
				69BE2E6C1FFC8CAA0078845A /* UDPManager.swift in Sources */,
				695F6E7D1E900E1A00C72E5E /* SFUDPConnector.swift in Sources */,
				698F37861E97334200F98C90 /* NEPacketTunnelProvider+Extension.swift in Sources */,
				695F6E871E900E1A00C72E5E /* UDPPacket.swift in Sources */,
				695F6E591E900E1A00C72E5E /* IPv4Packet.swift in Sources */,
				697DF07D1FFDF56100C6A64C /* PacketProcessorProtocol.swift in Sources */,
				69116B171E968157007C2FBA /* SFOpt.swift in Sources */,
				69A0D2761DD5971A00227353 /* StreamScanner.swift in Sources */,
				692DD5AC1DD5CE310079493D /* UDPDirectStack.swift in Sources */,
				69A0D2781DD5975800227353 /* Opt.swift in Sources */,
				695F6E751E900E1A00C72E5E /* SFTunConst.swift in Sources */,
				695F6E7F1E900E1A00C72E5E /* SFUDPForwarder.swift in Sources */,
				692DD5B21DD5CE920079493D /* PacketProtocolParser.swift in Sources */,
				6994E0171DEFBE9E009394F9 /* Rule.swift in Sources */,
				695F6E551E900E1A00C72E5E /* DNSServer.swift in Sources */,
				69BF6C651DE57FCA000ABF09 /* HTTPStreamScanner.swift in Sources */,
			);
			runOnlyForDeploymentPostprocessing = 0;
		};
		69FC1AF91DDBFAB000EF8AAC /* Sources */ = {
			isa = PBXSourcesBuildPhase;
			buildActionMask = 2147483647;
			files = (
				69FC1B021DDBFAB000EF8AAC /* ViewController.swift in Sources */,
				69FC1B001DDBFAB000EF8AAC /* AppDelegate.swift in Sources */,
				69B911621EB8C0200096DE58 /* HTTPTester.swift in Sources */,
				69E470AF1E67AADE00AE11FB /* SocksTest.swift in Sources */,
			);
			runOnlyForDeploymentPostprocessing = 0;
		};
/* End PBXSourcesBuildPhase section */

/* Begin PBXTargetDependency section */
		6904B0DD1FFD2F1D000B64F3 /* PBXTargetDependency */ = {
			isa = PBXTargetDependency;
			target = 69B954F11DDF81CF006AF669 /* SFSocketOSX */;
			targetProxy = 6904B0DC1FFD2F1D000B64F3 /* PBXContainerItemProxy */;
		};
		6928061D1EFA7B79007FCF6A /* PBXTargetDependency */ = {
			isa = PBXTargetDependency;
			target = 69B954F11DDF81CF006AF669 /* SFSocketOSX */;
			targetProxy = 6928061C1EFA7B79007FCF6A /* PBXContainerItemProxy */;
		};
		69FC1B1C1DDC00A100EF8AAC /* PBXTargetDependency */ = {
			isa = PBXTargetDependency;
			target = 69C2988D1DD593FF00E4C3BD /* SFSocket */;
			targetProxy = 69FC1B1B1DDC00A100EF8AAC /* PBXContainerItemProxy */;
		};
/* End PBXTargetDependency section */

/* Begin PBXVariantGroup section */
		6947198D1EE528F60059BEF8 /* Main.storyboard */ = {
			isa = PBXVariantGroup;
			children = (
				6947198E1EE528F60059BEF8 /* Base */,
			);
			name = Main.storyboard;
			sourceTree = "<group>";
		};
		69BE2E881FFD28BA0078845A /* Main.storyboard */ = {
			isa = PBXVariantGroup;
			children = (
				69BE2E891FFD28BA0078845A /* Base */,
			);
			name = Main.storyboard;
			sourceTree = "<group>";
		};
		69FC1B031DDBFAB000EF8AAC /* Main.storyboard */ = {
			isa = PBXVariantGroup;
			children = (
				69FC1B041DDBFAB000EF8AAC /* Base */,
			);
			name = Main.storyboard;
			sourceTree = "<group>";
		};
		69FC1B081DDBFAB000EF8AAC /* LaunchScreen.storyboard */ = {
			isa = PBXVariantGroup;
			children = (
				69FC1B091DDBFAB000EF8AAC /* Base */,
			);
			name = LaunchScreen.storyboard;
			sourceTree = "<group>";
		};
/* End PBXVariantGroup section */

/* Begin XCBuildConfiguration section */
		6904B1071FFDCE83000B64F3 /* Debug */ = {
			isa = XCBuildConfiguration;
			baseConfigurationReference = 69BE2E981FFD2D830078845A /* vpn.xcconfig */;
			buildSettings = {
				CLANG_ANALYZER_NUMBER_OBJECT_CONVERSION = YES_AGGRESSIVE;
				CLANG_CXX_LANGUAGE_STANDARD = "gnu++14";
				CLANG_WARN_UNGUARDED_AVAILABILITY = YES_AGGRESSIVE;
				CODE_SIGN_IDENTITY = "Mac Developer";
				CODE_SIGN_STYLE = Automatic;
				DEVELOPMENT_TEAM = 745WQDK4L7;
				GCC_C_LANGUAGE_STANDARD = gnu11;
				GCC_PREPROCESSOR_DEFINITIONS = (
					"DEBUG=1",
					"$(inherited)",
				);
				MACOSX_DEPLOYMENT_TARGET = 10.13;
				PRODUCT_NAME = "$(TARGET_NAME)";
				SDKROOT = macosx;
				SWIFT_ACTIVE_COMPILATION_CONDITIONS = DEBUG;
				SWIFT_VERSION = 4.0;
			};
			name = Debug;
		};
		6904B1081FFDCE83000B64F3 /* Release */ = {
			isa = XCBuildConfiguration;
			buildSettings = {
				CLANG_ANALYZER_NUMBER_OBJECT_CONVERSION = YES_AGGRESSIVE;
				CLANG_CXX_LANGUAGE_STANDARD = "gnu++14";
				CLANG_WARN_UNGUARDED_AVAILABILITY = YES_AGGRESSIVE;
				CODE_SIGN_IDENTITY = "Mac Developer";
				CODE_SIGN_STYLE = Automatic;
				DEVELOPMENT_TEAM = 745WQDK4L7;
				GCC_C_LANGUAGE_STANDARD = gnu11;
				MACOSX_DEPLOYMENT_TARGET = 10.13;
				PRODUCT_NAME = "$(TARGET_NAME)";
				SDKROOT = macosx;
				SWIFT_VERSION = 4.0;
			};
			name = Release;
		};
		694719911EE528F60059BEF8 /* Debug */ = {
			isa = XCBuildConfiguration;
			buildSettings = {
				ALWAYS_EMBED_SWIFT_STANDARD_LIBRARIES = YES;
				ASSETCATALOG_COMPILER_APPICON_NAME = AppIcon;
				CLANG_ANALYZER_NUMBER_OBJECT_CONVERSION = YES_AGGRESSIVE;
				CLANG_ENABLE_MODULES = YES;
				CODE_SIGN_ENTITLEMENTS = OSXTest/OSXTest.entitlements;
				CODE_SIGN_IDENTITY = "Mac Developer";
				CODE_SIGN_STYLE = Manual;
				COMBINE_HIDPI_IMAGES = YES;
				DEVELOPMENT_TEAM = 745WQDK4L7;
				FRAMEWORK_SEARCH_PATHS = (
					"$(inherited)",
					"$(PROJECT_DIR)/Carthage/Build/Mac",
				);
				INFOPLIST_FILE = OSXTest/Info.plist;
				LD_RUNPATH_SEARCH_PATHS = "$(inherited) @executable_path/../Frameworks";
				MACOSX_DEPLOYMENT_TARGET = 10.13;
				PRODUCT_BUNDLE_IDENTIFIER = com.yarshure.Surf.OSXTest;
				PRODUCT_NAME = "$(TARGET_NAME)";
				PROVISIONING_PROFILE_SPECIFIER = "";
				SDKROOT = macosx;
				SWIFT_INSTALL_OBJC_HEADER = NO;
				SWIFT_OBJC_BRIDGING_HEADER = "";
				SWIFT_OPTIMIZATION_LEVEL = "-Onone";
				SWIFT_SWIFT3_OBJC_INFERENCE = Default;
				SWIFT_VERSION = 4.0;
			};
			name = Debug;
		};
		694719921EE528F60059BEF8 /* Release */ = {
			isa = XCBuildConfiguration;
			buildSettings = {
				ALWAYS_EMBED_SWIFT_STANDARD_LIBRARIES = YES;
				ASSETCATALOG_COMPILER_APPICON_NAME = AppIcon;
				CLANG_ANALYZER_NUMBER_OBJECT_CONVERSION = YES_AGGRESSIVE;
				CLANG_ENABLE_MODULES = YES;
				CODE_SIGN_ENTITLEMENTS = OSXTest/OSXTest.entitlements;
				CODE_SIGN_IDENTITY = "Mac Developer";
				CODE_SIGN_STYLE = Manual;
				COMBINE_HIDPI_IMAGES = YES;
				DEVELOPMENT_TEAM = 745WQDK4L7;
				FRAMEWORK_SEARCH_PATHS = (
					"$(inherited)",
					"$(PROJECT_DIR)/Carthage/Build/Mac",
				);
				INFOPLIST_FILE = OSXTest/Info.plist;
				LD_RUNPATH_SEARCH_PATHS = "$(inherited) @executable_path/../Frameworks";
				MACOSX_DEPLOYMENT_TARGET = 10.13;
				PRODUCT_BUNDLE_IDENTIFIER = com.yarshure.Surf.OSXTest;
				PRODUCT_NAME = "$(TARGET_NAME)";
				PROVISIONING_PROFILE_SPECIFIER = "";
				SDKROOT = macosx;
				SWIFT_INSTALL_OBJC_HEADER = NO;
				SWIFT_OBJC_BRIDGING_HEADER = "";
				SWIFT_SWIFT3_OBJC_INFERENCE = Default;
				SWIFT_VERSION = 4.0;
			};
			name = Release;
		};
		69B954F71DDF81CF006AF669 /* Debug */ = {
			isa = XCBuildConfiguration;
			baseConfigurationReference = 69C7DC601FE364FF00FB7FA2 /* mac.xcconfig */;
			buildSettings = {
				APPLICATION_EXTENSION_API_ONLY = YES;
				CLANG_ENABLE_MODULES = YES;
				CODE_SIGN_IDENTITY = "";
				CODE_SIGN_STYLE = Manual;
				COMBINE_HIDPI_IMAGES = YES;
				DEFINES_MODULE = YES;
				DEVELOPMENT_TEAM = "";
				DYLIB_COMPATIBILITY_VERSION = 1;
				DYLIB_CURRENT_VERSION = 1;
				DYLIB_INSTALL_NAME_BASE = "@rpath";
				FRAMEWORK_SEARCH_PATHS = (
					"$(inherited)",
					"$(PROJECT_DIR)/Carthage/Build/Mac",
					"$(PROJECT_DIR)/Carthage/Build/iOS",
				);
				FRAMEWORK_VERSION = A;
				INFOPLIST_FILE = SFSocketOSX/Info.plist;
				INSTALL_PATH = "$(LOCAL_LIBRARY_DIR)/Frameworks";
				LD_RUNPATH_SEARCH_PATHS = "$(inherited) @executable_path/../Frameworks @loader_path/Frameworks";
				MACOSX_DEPLOYMENT_TARGET = 10.11;
				PRODUCT_BUNDLE_IDENTIFIER = com.yarshure.SFSocket;
				PRODUCT_NAME = SFSocket;
				PROVISIONING_PROFILE_SPECIFIER = "";
				SDKROOT = macosx;
				SKIP_INSTALL = YES;
				SWIFT_OPTIMIZATION_LEVEL = "-Onone";
				SWIFT_SWIFT3_OBJC_INFERENCE = Default;
				SWIFT_VERSION = 4.0;
			};
			name = Debug;
		};
		69B954F81DDF81CF006AF669 /* Release */ = {
			isa = XCBuildConfiguration;
			baseConfigurationReference = 69C7DC601FE364FF00FB7FA2 /* mac.xcconfig */;
			buildSettings = {
				APPLICATION_EXTENSION_API_ONLY = YES;
				CLANG_ENABLE_MODULES = YES;
				CODE_SIGN_IDENTITY = "";
				CODE_SIGN_STYLE = Manual;
				COMBINE_HIDPI_IMAGES = YES;
				DEFINES_MODULE = YES;
				DEVELOPMENT_TEAM = "";
				DYLIB_COMPATIBILITY_VERSION = 1;
				DYLIB_CURRENT_VERSION = 1;
				DYLIB_INSTALL_NAME_BASE = "@rpath";
				FRAMEWORK_SEARCH_PATHS = (
					"$(inherited)",
					"$(PROJECT_DIR)/Carthage/Build/Mac",
					"$(PROJECT_DIR)/Carthage/Build/iOS",
				);
				FRAMEWORK_VERSION = A;
				INFOPLIST_FILE = SFSocketOSX/Info.plist;
				INSTALL_PATH = "$(LOCAL_LIBRARY_DIR)/Frameworks";
				LD_RUNPATH_SEARCH_PATHS = "$(inherited) @executable_path/../Frameworks @loader_path/Frameworks";
				MACOSX_DEPLOYMENT_TARGET = 10.11;
				PRODUCT_BUNDLE_IDENTIFIER = com.yarshure.SFSocket;
				PRODUCT_NAME = SFSocket;
				PROVISIONING_PROFILE_SPECIFIER = "";
				SDKROOT = macosx;
				SKIP_INSTALL = YES;
				SWIFT_SWIFT3_OBJC_INFERENCE = Default;
				SWIFT_VERSION = 4.0;
			};
			name = Release;
		};
		69BE2E8E1FFD28BA0078845A /* Debug */ = {
			isa = XCBuildConfiguration;
			baseConfigurationReference = 69BE2E981FFD2D830078845A /* vpn.xcconfig */;
			buildSettings = {
				ALWAYS_EMBED_SWIFT_STANDARD_LIBRARIES = YES;
				ASSETCATALOG_COMPILER_APPICON_NAME = AppIcon;
				CLANG_ANALYZER_NUMBER_OBJECT_CONVERSION = YES_AGGRESSIVE;
				CLANG_CXX_LANGUAGE_STANDARD = "gnu++14";
				CLANG_WARN_UNGUARDED_AVAILABILITY = YES_AGGRESSIVE;
				CODE_SIGN_ENTITLEMENTS = VPNTest/VPNTest.entitlements;
				CODE_SIGN_IDENTITY = "Mac Developer";
				CODE_SIGN_STYLE = Automatic;
				COMBINE_HIDPI_IMAGES = YES;
				DEVELOPMENT_TEAM = 745WQDK4L7;
				GCC_C_LANGUAGE_STANDARD = gnu11;
				GCC_PREPROCESSOR_DEFINITIONS = (
					"DEBUG=1",
					"$(inherited)",
				);
				INFOPLIST_FILE = VPNTest/Info.plist;
				LD_RUNPATH_SEARCH_PATHS = "$(inherited) @executable_path/../Frameworks";
				MACOSX_DEPLOYMENT_TARGET = 10.13;
				PRODUCT_BUNDLE_IDENTIFIER = com.yarshure.VPNTest;
				PRODUCT_NAME = "$(TARGET_NAME)";
				PROVISIONING_PROFILE_SPECIFIER = "";
				SDKROOT = macosx;
				SWIFT_ACTIVE_COMPILATION_CONDITIONS = DEBUG;
				SWIFT_VERSION = 4.0;
			};
			name = Debug;
		};
		69BE2E8F1FFD28BA0078845A /* Release */ = {
			isa = XCBuildConfiguration;
			buildSettings = {
				ALWAYS_EMBED_SWIFT_STANDARD_LIBRARIES = YES;
				ASSETCATALOG_COMPILER_APPICON_NAME = AppIcon;
				CLANG_ANALYZER_NUMBER_OBJECT_CONVERSION = YES_AGGRESSIVE;
				CLANG_CXX_LANGUAGE_STANDARD = "gnu++14";
				CLANG_WARN_UNGUARDED_AVAILABILITY = YES_AGGRESSIVE;
				CODE_SIGN_ENTITLEMENTS = VPNTest/VPNTest.entitlements;
				CODE_SIGN_IDENTITY = "Mac Developer";
				CODE_SIGN_STYLE = Automatic;
				COMBINE_HIDPI_IMAGES = YES;
				DEVELOPMENT_TEAM = 745WQDK4L7;
				GCC_C_LANGUAGE_STANDARD = gnu11;
				INFOPLIST_FILE = VPNTest/Info.plist;
				LD_RUNPATH_SEARCH_PATHS = "$(inherited) @executable_path/../Frameworks";
				MACOSX_DEPLOYMENT_TARGET = 10.13;
				PRODUCT_BUNDLE_IDENTIFIER = com.yarshure.VPNTest;
				PRODUCT_NAME = "$(TARGET_NAME)";
				PROVISIONING_PROFILE_SPECIFIER = "";
				SDKROOT = macosx;
				SWIFT_VERSION = 4.0;
			};
			name = Release;
		};
		69C298941DD593FF00E4C3BD /* Debug */ = {
			isa = XCBuildConfiguration;
			buildSettings = {
				ALWAYS_SEARCH_USER_PATHS = NO;
				CLANG_ANALYZER_NONNULL = YES;
				CLANG_CXX_LANGUAGE_STANDARD = "gnu++0x";
				CLANG_CXX_LIBRARY = "libc++";
				CLANG_ENABLE_MODULES = YES;
				CLANG_ENABLE_OBJC_ARC = YES;
				CLANG_WARN_BLOCK_CAPTURE_AUTORELEASING = YES;
				CLANG_WARN_BOOL_CONVERSION = YES;
				CLANG_WARN_COMMA = YES;
				CLANG_WARN_CONSTANT_CONVERSION = YES;
				CLANG_WARN_DIRECT_OBJC_ISA_USAGE = YES_ERROR;
				CLANG_WARN_DOCUMENTATION_COMMENTS = YES;
				CLANG_WARN_EMPTY_BODY = YES;
				CLANG_WARN_ENUM_CONVERSION = YES;
				CLANG_WARN_INFINITE_RECURSION = YES;
				CLANG_WARN_INT_CONVERSION = YES;
				CLANG_WARN_NON_LITERAL_NULL_CONVERSION = YES;
				CLANG_WARN_OBJC_LITERAL_CONVERSION = YES;
				CLANG_WARN_OBJC_ROOT_CLASS = YES_ERROR;
				CLANG_WARN_RANGE_LOOP_ANALYSIS = YES;
				CLANG_WARN_STRICT_PROTOTYPES = YES;
				CLANG_WARN_SUSPICIOUS_MOVE = YES;
				CLANG_WARN_UNREACHABLE_CODE = YES;
				CLANG_WARN__DUPLICATE_METHOD_MATCH = YES;
				"CODE_SIGN_IDENTITY[sdk=iphoneos*]" = "iPhone Developer";
				COPY_PHASE_STRIP = NO;
				CURRENT_PROJECT_VERSION = 1;
				DEBUG_INFORMATION_FORMAT = dwarf;
				ENABLE_STRICT_OBJC_MSGSEND = YES;
				ENABLE_TESTABILITY = YES;
				GCC_C_LANGUAGE_STANDARD = gnu99;
				GCC_DYNAMIC_NO_PIC = NO;
				GCC_NO_COMMON_BLOCKS = YES;
				GCC_OPTIMIZATION_LEVEL = 0;
				GCC_PREPROCESSOR_DEFINITIONS = "$(inherited)";
				GCC_WARN_64_TO_32_BIT_CONVERSION = YES;
				GCC_WARN_ABOUT_RETURN_TYPE = YES_ERROR;
				GCC_WARN_UNDECLARED_SELECTOR = YES;
				GCC_WARN_UNINITIALIZED_AUTOS = YES_AGGRESSIVE;
				GCC_WARN_UNUSED_FUNCTION = YES;
				GCC_WARN_UNUSED_VARIABLE = YES;
				IPHONEOS_DEPLOYMENT_TARGET = 9.0;
				MACOSX_DEPLOYMENT_TARGET = 10.11;
				MTL_ENABLE_DEBUG_INFO = YES;
				ONLY_ACTIVE_ARCH = YES;
				SDKROOT = iphoneos;
				SWIFT_OPTIMIZATION_LEVEL = "-Onone";
				TARGETED_DEVICE_FAMILY = "1,2";
				VERSIONING_SYSTEM = "apple-generic";
				VERSION_INFO_PREFIX = "";
			};
			name = Debug;
		};
		69C298951DD593FF00E4C3BD /* Release */ = {
			isa = XCBuildConfiguration;
			buildSettings = {
				ALWAYS_SEARCH_USER_PATHS = NO;
				CLANG_ANALYZER_NONNULL = YES;
				CLANG_CXX_LANGUAGE_STANDARD = "gnu++0x";
				CLANG_CXX_LIBRARY = "libc++";
				CLANG_ENABLE_MODULES = YES;
				CLANG_ENABLE_OBJC_ARC = YES;
				CLANG_WARN_BLOCK_CAPTURE_AUTORELEASING = YES;
				CLANG_WARN_BOOL_CONVERSION = YES;
				CLANG_WARN_COMMA = YES;
				CLANG_WARN_CONSTANT_CONVERSION = YES;
				CLANG_WARN_DIRECT_OBJC_ISA_USAGE = YES_ERROR;
				CLANG_WARN_DOCUMENTATION_COMMENTS = YES;
				CLANG_WARN_EMPTY_BODY = YES;
				CLANG_WARN_ENUM_CONVERSION = YES;
				CLANG_WARN_INFINITE_RECURSION = YES;
				CLANG_WARN_INT_CONVERSION = YES;
				CLANG_WARN_NON_LITERAL_NULL_CONVERSION = YES;
				CLANG_WARN_OBJC_LITERAL_CONVERSION = YES;
				CLANG_WARN_OBJC_ROOT_CLASS = YES_ERROR;
				CLANG_WARN_RANGE_LOOP_ANALYSIS = YES;
				CLANG_WARN_STRICT_PROTOTYPES = YES;
				CLANG_WARN_SUSPICIOUS_MOVE = YES;
				CLANG_WARN_UNREACHABLE_CODE = YES;
				CLANG_WARN__DUPLICATE_METHOD_MATCH = YES;
				"CODE_SIGN_IDENTITY[sdk=iphoneos*]" = "iPhone Developer";
				COPY_PHASE_STRIP = NO;
				CURRENT_PROJECT_VERSION = 1;
				DEBUG_INFORMATION_FORMAT = "dwarf-with-dsym";
				ENABLE_NS_ASSERTIONS = NO;
				ENABLE_STRICT_OBJC_MSGSEND = YES;
				GCC_C_LANGUAGE_STANDARD = gnu99;
				GCC_NO_COMMON_BLOCKS = YES;
				GCC_WARN_64_TO_32_BIT_CONVERSION = YES;
				GCC_WARN_ABOUT_RETURN_TYPE = YES_ERROR;
				GCC_WARN_UNDECLARED_SELECTOR = YES;
				GCC_WARN_UNINITIALIZED_AUTOS = YES_AGGRESSIVE;
				GCC_WARN_UNUSED_FUNCTION = YES;
				GCC_WARN_UNUSED_VARIABLE = YES;
				IPHONEOS_DEPLOYMENT_TARGET = 9.0;
				MACOSX_DEPLOYMENT_TARGET = 10.11;
				MTL_ENABLE_DEBUG_INFO = NO;
				SDKROOT = iphoneos;
				SWIFT_OPTIMIZATION_LEVEL = "-Owholemodule";
				TARGETED_DEVICE_FAMILY = "1,2";
				VALIDATE_PRODUCT = YES;
				VERSIONING_SYSTEM = "apple-generic";
				VERSION_INFO_PREFIX = "";
			};
			name = Release;
		};
		69C298971DD593FF00E4C3BD /* Debug */ = {
			isa = XCBuildConfiguration;
			baseConfigurationReference = 69AD9CCE20048CA700C01011 /* debug.xcconfig */;
			buildSettings = {
				APPLICATION_EXTENSION_API_ONLY = YES;
				CLANG_ENABLE_MODULES = YES;
				CODE_SIGN_IDENTITY = "";
				DEFINES_MODULE = YES;
				DEVELOPMENT_TEAM = 745WQDK4L7;
				DYLIB_COMPATIBILITY_VERSION = 1;
				DYLIB_CURRENT_VERSION = 1;
				DYLIB_INSTALL_NAME_BASE = "@rpath";
				FRAMEWORK_SEARCH_PATHS = (
					"$(inherited)",
					"$(PROJECT_DIR)/Carthage/Build/iOS",
					"$(PROJECT_DIR)/Carthage/Build/Mac",
				);
				INFOPLIST_FILE = SFSocket/Info.plist;
				INSTALL_PATH = "$(LOCAL_LIBRARY_DIR)/Frameworks";
				IPHONEOS_DEPLOYMENT_TARGET = 9.0;
				LD_RUNPATH_SEARCH_PATHS = "$(inherited) @executable_path/Frameworks @loader_path/Frameworks";
				PRODUCT_BUNDLE_IDENTIFIER = com.yarshure.ios.SFSocket;
				PRODUCT_NAME = "$(TARGET_NAME)";
				SKIP_INSTALL = YES;
				SWIFT_ACTIVE_COMPILATION_CONDITIONS = "";
				SWIFT_OPTIMIZATION_LEVEL = "-Onone";
				SWIFT_VERSION = 4.0;
			};
			name = Debug;
		};
		69C298981DD593FF00E4C3BD /* Release */ = {
			isa = XCBuildConfiguration;
			baseConfigurationReference = 69C7DC5F1FE364ED00FB7FA2 /* iOS.xcconfig */;
			buildSettings = {
				APPLICATION_EXTENSION_API_ONLY = YES;
				CLANG_ENABLE_MODULES = YES;
				CODE_SIGN_IDENTITY = "";
				DEFINES_MODULE = YES;
				DEVELOPMENT_TEAM = 745WQDK4L7;
				DYLIB_COMPATIBILITY_VERSION = 1;
				DYLIB_CURRENT_VERSION = 1;
				DYLIB_INSTALL_NAME_BASE = "@rpath";
				FRAMEWORK_SEARCH_PATHS = (
					"$(inherited)",
					"$(PROJECT_DIR)/Carthage/Build/iOS",
					"$(PROJECT_DIR)/Carthage/Build/Mac",
				);
				INFOPLIST_FILE = SFSocket/Info.plist;
				INSTALL_PATH = "$(LOCAL_LIBRARY_DIR)/Frameworks";
				IPHONEOS_DEPLOYMENT_TARGET = 9.0;
				LD_RUNPATH_SEARCH_PATHS = "$(inherited) @executable_path/Frameworks @loader_path/Frameworks";
				PRODUCT_BUNDLE_IDENTIFIER = com.yarshure.ios.SFSocket;
				PRODUCT_NAME = "$(TARGET_NAME)";
				SKIP_INSTALL = YES;
				SWIFT_VERSION = 4.0;
			};
			name = Release;
		};
		69FC1B0C1DDBFAB000EF8AAC /* Debug */ = {
			isa = XCBuildConfiguration;
			buildSettings = {
				ASSETCATALOG_COMPILER_APPICON_NAME = AppIcon;
				CODE_SIGN_ENTITLEMENTS = SFSocketTest/SFSocketTest.entitlements;
				DEVELOPMENT_TEAM = 745WQDK4L7;
				FRAMEWORK_SEARCH_PATHS = (
					"$(inherited)",
					"$(PROJECT_DIR)/Carthage/Build/iOS",
				);
				INFOPLIST_FILE = SFSocketTest/Info.plist;
				IPHONEOS_DEPLOYMENT_TARGET = 10.0;
				LD_RUNPATH_SEARCH_PATHS = "$(inherited) @executable_path/Frameworks";
				PRODUCT_BUNDLE_IDENTIFIER = com.yarshure.SFSocketTest;
				PRODUCT_NAME = "$(TARGET_NAME)";
				SWIFT_VERSION = 3.0;
			};
			name = Debug;
		};
		69FC1B0D1DDBFAB000EF8AAC /* Release */ = {
			isa = XCBuildConfiguration;
			baseConfigurationReference = 69C7DC601FE364FF00FB7FA2 /* mac.xcconfig */;
			buildSettings = {
				ASSETCATALOG_COMPILER_APPICON_NAME = AppIcon;
				CODE_SIGN_ENTITLEMENTS = SFSocketTest/SFSocketTest.entitlements;
				DEVELOPMENT_TEAM = 745WQDK4L7;
				FRAMEWORK_SEARCH_PATHS = (
					"$(inherited)",
					"$(PROJECT_DIR)/Carthage/Build/iOS",
				);
				INFOPLIST_FILE = SFSocketTest/Info.plist;
				IPHONEOS_DEPLOYMENT_TARGET = 10.0;
				LD_RUNPATH_SEARCH_PATHS = "$(inherited) @executable_path/Frameworks";
				PRODUCT_BUNDLE_IDENTIFIER = com.yarshure.SFSocketTest;
				PRODUCT_NAME = "$(TARGET_NAME)";
				SWIFT_VERSION = 3.0;
			};
			name = Release;
		};
/* End XCBuildConfiguration section */

/* Begin XCConfigurationList section */
		6904B1061FFDCE83000B64F3 /* Build configuration list for PBXNativeTarget "tunnelserver" */ = {
			isa = XCConfigurationList;
			buildConfigurations = (
				6904B1071FFDCE83000B64F3 /* Debug */,
				6904B1081FFDCE83000B64F3 /* Release */,
			);
			defaultConfigurationIsVisible = 0;
			defaultConfigurationName = Release;
		};
		694719941EE528F60059BEF8 /* Build configuration list for PBXNativeTarget "OSXTest" */ = {
			isa = XCConfigurationList;
			buildConfigurations = (
				694719911EE528F60059BEF8 /* Debug */,
				694719921EE528F60059BEF8 /* Release */,
			);
			defaultConfigurationIsVisible = 0;
			defaultConfigurationName = Release;
		};
		69B954F91DDF81CF006AF669 /* Build configuration list for PBXNativeTarget "SFSocketOSX" */ = {
			isa = XCConfigurationList;
			buildConfigurations = (
				69B954F71DDF81CF006AF669 /* Debug */,
				69B954F81DDF81CF006AF669 /* Release */,
			);
			defaultConfigurationIsVisible = 0;
			defaultConfigurationName = Release;
		};
		69BE2E8D1FFD28BA0078845A /* Build configuration list for PBXNativeTarget "VPNTest" */ = {
			isa = XCConfigurationList;
			buildConfigurations = (
				69BE2E8E1FFD28BA0078845A /* Debug */,
				69BE2E8F1FFD28BA0078845A /* Release */,
			);
			defaultConfigurationIsVisible = 0;
			defaultConfigurationName = Release;
		};
		69C298881DD593FF00E4C3BD /* Build configuration list for PBXProject "SFSocket" */ = {
			isa = XCConfigurationList;
			buildConfigurations = (
				69C298941DD593FF00E4C3BD /* Debug */,
				69C298951DD593FF00E4C3BD /* Release */,
			);
			defaultConfigurationIsVisible = 0;
			defaultConfigurationName = Release;
		};
		69C298961DD593FF00E4C3BD /* Build configuration list for PBXNativeTarget "SFSocket" */ = {
			isa = XCConfigurationList;
			buildConfigurations = (
				69C298971DD593FF00E4C3BD /* Debug */,
				69C298981DD593FF00E4C3BD /* Release */,
			);
			defaultConfigurationIsVisible = 0;
			defaultConfigurationName = Release;
		};
		69FC1B0E1DDBFAB000EF8AAC /* Build configuration list for PBXNativeTarget "SFSocketTest" */ = {
			isa = XCConfigurationList;
			buildConfigurations = (
				69FC1B0C1DDBFAB000EF8AAC /* Debug */,
				69FC1B0D1DDBFAB000EF8AAC /* Release */,
			);
			defaultConfigurationIsVisible = 0;
			defaultConfigurationName = Release;
		};
/* End XCConfigurationList section */
	};
	rootObject = 69C298851DD593FF00E4C3BD /* Project object */;
}
